// !$*UTF8*$!
{
	archiveVersion = 1;
	classes = {
	};
	objectVersion = 46;
	objects = {

/* Begin PBXBuildFile section */
		62B60ED21EF9BBB400235ABE /* main.m in Sources */ = {isa = PBXBuildFile; fileRef = 62B60ED11EF9BBB400235ABE /* main.m */; };
		62B60ED51EF9BBB400235ABE /* AppDelegate.m in Sources */ = {isa = PBXBuildFile; fileRef = 62B60ED41EF9BBB400235ABE /* AppDelegate.m */; };
		62B60EDD1EF9BBB500235ABE /* Assets.xcassets in Resources */ = {isa = PBXBuildFile; fileRef = 62B60EDC1EF9BBB500235ABE /* Assets.xcassets */; };
		62B60EE01EF9BBB500235ABE /* LaunchScreen.storyboard in Resources */ = {isa = PBXBuildFile; fileRef = 62B60EDE1EF9BBB500235ABE /* LaunchScreen.storyboard */; };
/* End PBXBuildFile section */

/* Begin PBXFileReference section */
		62B60ECD1EF9BBB400235ABE /* CollectionSample.app */ = {isa = PBXFileReference; explicitFileType = wrapper.application; includeInIndex = 0; path = CollectionSample.app; sourceTree = BUILT_PRODUCTS_DIR; };
		62B60ED11EF9BBB400235ABE /* main.m */ = {isa = PBXFileReference; lastKnownFileType = sourcecode.c.objc; path = main.m; sourceTree = "<group>"; };
		62B60ED31EF9BBB400235ABE /* AppDelegate.h */ = {isa = PBXFileReference; lastKnownFileType = sourcecode.c.h; path = AppDelegate.h; sourceTree = "<group>"; };
		62B60ED41EF9BBB400235ABE /* AppDelegate.m */ = {isa = PBXFileReference; lastKnownFileType = sourcecode.c.objc; path = AppDelegate.m; sourceTree = "<group>"; };
		62B60EDC1EF9BBB500235ABE /* Assets.xcassets */ = {isa = PBXFileReference; lastKnownFileType = folder.assetcatalog; path = Assets.xcassets; sourceTree = "<group>"; };
		62B60EDF1EF9BBB500235ABE /* Base */ = {isa = PBXFileReference; lastKnownFileType = file.storyboard; name = Base; path = Base.lproj/LaunchScreen.storyboard; sourceTree = "<group>"; };
		62B60EE11EF9BBB500235ABE /* Info.plist */ = {isa = PBXFileReference; lastKnownFileType = text.plist.xml; path = Info.plist; sourceTree = "<group>"; };
/* End PBXFileReference section */

/* Begin PBXFrameworksBuildPhase section */
		62B60ECA1EF9BBB400235ABE /* Frameworks */ = {
			isa = PBXFrameworksBuildPhase;
			buildActionMask = 2147483647;
			files = (
			);
			runOnlyForDeploymentPostprocessing = 0;
		};
/* End PBXFrameworksBuildPhase section */

/* Begin PBXGroup section */
		62B60EC41EF9BBB200235ABE = {
			isa = PBXGroup;
			children = (
				62B60ECF1EF9BBB400235ABE /* CollectionSample */,
				62B60ECE1EF9BBB400235ABE /* Products */,
			);
			sourceTree = "<group>";
		};
		62B60ECE1EF9BBB400235ABE /* Products */ = {
			isa = PBXGroup;
			children = (
				62B60ECD1EF9BBB400235ABE /* CollectionSample.app */,
			);
			name = Products;
			sourceTree = "<group>";
		};
		62B60ECF1EF9BBB400235ABE /* CollectionSample */ = {
			isa = PBXGroup;
			children = (
				62B60ED31EF9BBB400235ABE /* AppDelegate.h */,
				62B60ED41EF9BBB400235ABE /* AppDelegate.m */,
				62B60EDC1EF9BBB500235ABE /* Assets.xcassets */,
				62B60EDE1EF9BBB500235ABE /* LaunchScreen.storyboard */,
				62B60EE11EF9BBB500235ABE /* Info.plist */,
				62B60ED01EF9BBB400235ABE /* Supporting Files */,
			);
			path = CollectionSample;
			sourceTree = "<group>";
		};
		62B60ED01EF9BBB400235ABE /* Supporting Files */ = {
			isa = PBXGroup;
			children = (
				62B60ED11EF9BBB400235ABE /* main.m */,
			);
			name = "Supporting Files";
			sourceTree = "<group>";
		};
/* End PBXGroup section */

/* Begin PBXNativeTarget section */
		62B60ECC1EF9BBB400235ABE /* CollectionSample */ = {
			isa = PBXNativeTarget;
			buildConfigurationList = 62B60EE41EF9BBB500235ABE /* Build configuration list for PBXNativeTarget "CollectionSample" */;
			buildPhases = (
				62B60EC91EF9BBB400235ABE /* Sources */,
				62B60ECA1EF9BBB400235ABE /* Frameworks */,
				62B60ECB1EF9BBB400235ABE /* Resources */,
			);
			buildRules = (
			);
			dependencies = (
			);
			name = CollectionSample;
			productName = CollectionSample;
			productReference = 62B60ECD1EF9BBB400235ABE /* CollectionSample.app */;
			productType = "com.apple.product-type.application";
		};
/* End PBXNativeTarget section */

/* Begin PBXProject section */
		62B60EC51EF9BBB300235ABE /* Project object */ = {
			isa = PBXProject;
			attributes = {
				LastUpgradeCheck = 0820;
				ORGANIZATIONNAME = "Roberto Halgravez";
				TargetAttributes = {
					62B60ECC1EF9BBB400235ABE = {
						CreatedOnToolsVersion = 8.2.1;
						ProvisioningStyle = Automatic;
					};
				};
			};
			buildConfigurationList = 62B60EC81EF9BBB300235ABE /* Build configuration list for PBXProject "CollectionSample" */;
			compatibilityVersion = "Xcode 3.2";
			developmentRegion = English;
			hasScannedForEncodings = 0;
			knownRegions = (
				en,
				Base,
			);
			mainGroup = 62B60EC41EF9BBB200235ABE;
			productRefGroup = 62B60ECE1EF9BBB400235ABE /* Products */;
			projectDirPath = "";
			projectRoot = "";
			targets = (
				62B60ECC1EF9BBB400235ABE /* CollectionSample */,
			);
		};
/* End PBXProject section */

/* Begin PBXResourcesBuildPhase section */
		62B60ECB1EF9BBB400235ABE /* Resources */ = {
			isa = PBXResourcesBuildPhase;
			buildActionMask = 2147483647;
			files = (
				62B60EE01EF9BBB500235ABE /* LaunchScreen.storyboard in Resources */,
				62B60EDD1EF9BBB500235ABE /* Assets.xcassets in Resources */,
			);
			runOnlyForDeploymentPostprocessing = 0;
		};
/* End PBXResourcesBuildPhase section */

/* Begin PBXSourcesBuildPhase section */
		62B60EC91EF9BBB400235ABE /* Sources */ = {
			isa = PBXSourcesBuildPhase;
			buildActionMask = 2147483647;
			files = (
				62B60ED51EF9BBB400235ABE /* AppDelegate.m in Sources */,
				62B60ED21EF9BBB400235ABE /* main.m in Sources */,
			);
			runOnlyForDeploymentPostprocessing = 0;
		};
/* End PBXSourcesBuildPhase section */

/* Begin PBXVariantGroup section */
		62B60EDE1EF9BBB500235ABE /* LaunchScreen.storyboard */ = {
			isa = PBXVariantGroup;
			children = (
				62B60EDF1EF9BBB500235ABE /* Base */,
			);
			name = LaunchScreen.storyboard;
			sourceTree = "<group>";
		};
/* End PBXVariantGroup section */

/* Begin XCBuildConfiguration section */
		62B60EE21EF9BBB500235ABE /* Debug */ = {
			isa = XCBuildConfiguration;
			buildSettings = {
				ALWAYS_SEARCH_USER_PATHS = NO;
				CLANG_ANALYZER_NONNULL = YES;
				CLANG_CXX_LANGUAGE_STANDARD = "gnu++0x";
				CLANG_CXX_LIBRARY = "libc++";
				CLANG_ENABLE_MODULES = YES;
				CLANG_ENABLE_OBJC_ARC = YES;
				CLANG_WARN_BOOL_CONVERSION = YES;
				CLANG_WARN_CONSTANT_CONVERSION = YES;
				CLANG_WARN_DIRECT_OBJC_ISA_USAGE = YES_ERROR;
				CLANG_WARN_DOCUMENTATION_COMMENTS = YES;
				CLANG_WARN_EMPTY_BODY = YES;
				CLANG_WARN_ENUM_CONVERSION = YES;
				CLANG_WARN_INFINITE_RECURSION = YES;
				CLANG_WARN_INT_CONVERSION = YES;
				CLANG_WARN_OBJC_ROOT_CLASS = YES_ERROR;
				CLANG_WARN_SUSPICIOUS_MOVE = YES;
				CLANG_WARN_UNREACHABLE_CODE = YES;
				CLANG_WARN__DUPLICATE_METHOD_MATCH = YES;
				"CODE_SIGN_IDENTITY[sdk=iphoneos*]" = "iPhone Developer";
				COPY_PHASE_STRIP = NO;
				DEBUG_INFORMATION_FORMAT = dwarf;
				ENABLE_STRICT_OBJC_MSGSEND = YES;
				ENABLE_TESTABILITY = YES;
				GCC_C_LANGUAGE_STANDARD = gnu99;
				GCC_DYNAMIC_NO_PIC = NO;
				GCC_NO_COMMON_BLOCKS = YES;
				GCC_OPTIMIZATION_LEVEL = 0;
				GCC_PREPROCESSOR_DEFINITIONS = (
					"DEBUG=1",
					"$(inherited)",
				);
				GCC_WARN_64_TO_32_BIT_CONVERSION = YES;
				GCC_WARN_ABOUT_RETURN_TYPE = YES_ERROR;
				GCC_WARN_UNDECLARED_SELECTOR = YES;
				GCC_WARN_UNINITIALIZED_AUTOS = YES_AGGRESSIVE;
				GCC_WARN_UNUSED_FUNCTION = YES;
				GCC_WARN_UNUSED_VARIABLE = YES;
				IPHONEOS_DEPLOYMENT_TARGET = 10.2;
				MTL_ENABLE_DEBUG_INFO = YES;
				ONLY_ACTIVE_ARCH = YES;
				SDKROOT = iphoneos;
			};
			name = Debug;
		};
		62B60EE31EF9BBB500235ABE /* Release */ = {
			isa = XCBuildConfiguration;
			buildSettings = {
				ALWAYS_SEARCH_USER_PATHS = NO;
				CLANG_ANALYZER_NONNULL = YES;
				CLANG_CXX_LANGUAGE_STANDARD = "gnu++0x";
				CLANG_CXX_LIBRARY = "libc++";
				CLANG_ENABLE_MODULES = YES;
				CLANG_ENABLE_OBJC_ARC = YES;
				CLANG_WARN_BOOL_CONVERSION = YES;
				CLANG_WARN_CONSTANT_CONVERSION = YES;
				CLANG_WARN_DIRECT_OBJC_ISA_USAGE = YES_ERROR;
				CLANG_WARN_DOCUMENTATION_COMMENTS = YES;
				CLANG_WARN_EMPTY_BODY = YES;
				CLANG_WARN_ENUM_CONVERSION = YES;
				CLANG_WARN_INFINITE_RECURSION = YES;
				CLANG_WARN_INT_CONVERSION = YES;
				CLANG_WARN_OBJC_ROOT_CLASS = YES_ERROR;
				CLANG_WARN_SUSPICIOUS_MOVE = YES;
				CLANG_WARN_UNREACHABLE_CODE = YES;
				CLANG_WARN__DUPLICATE_METHOD_MATCH = YES;
				"CODE_SIGN_IDENTITY[sdk=iphoneos*]" = "iPhone Developer";
				COPY_PHASE_STRIP = NO;
				DEBUG_INFORMATION_FORMAT = "dwarf-with-dsym";
				ENABLE_NS_ASSERTIONS = NO;
				ENABLE_STRICT_OBJC_MSGSEND = YES;
				GCC_C_LANGUAGE_STANDARD = gnu99;
				GCC_NO_COMMON_BLOCKS = YES;
				GCC_WARN_64_TO_32_BIT_CONVERSION = YES;
				GCC_WARN_ABOUT_RETURN_TYPE = YES_ERROR;
				GCC_WARN_UNDECLARED_SELECTOR = YES;
				GCC_WARN_UNINITIALIZED_AUTOS = YES_AGGRESSIVE;
				GCC_WARN_UNUSED_FUNCTION = YES;
				GCC_WARN_UNUSED_VARIABLE = YES;
				IPHONEOS_DEPLOYMENT_TARGET = 10.2;
				MTL_ENABLE_DEBUG_INFO = NO;
				SDKROOT = iphoneos;
				VALIDATE_PRODUCT = YES;
			};
			name = Release;
		};
		62B60EE51EF9BBB500235ABE /* Debug */ = {
			isa = XCBuildConfiguration;
			buildSettings = {
				ASSETCATALOG_COMPILER_APPICON_NAME = AppIcon;
				INFOPLIST_FILE = CollectionSample/Info.plist;
				LD_RUNPATH_SEARCH_PATHS = "$(inherited) @executable_path/Frameworks";
				PRODUCT_BUNDLE_IDENTIFIER = keepcoding.rhalgravez.CollectionSample;
				PRODUCT_NAME = "$(TARGET_NAME)";
			};
			name = Debug;
		};
		62B60EE61EF9BBB500235ABE /* Release */ = {
			isa = XCBuildConfiguration;
			buildSettings = {
				ASSETCATALOG_COMPILER_APPICON_NAME = AppIcon;
				INFOPLIST_FILE = CollectionSample/Info.plist;
				LD_RUNPATH_SEARCH_PATHS = "$(inherited) @executable_path/Frameworks";
				PRODUCT_BUNDLE_IDENTIFIER = keepcoding.rhalgravez.CollectionSample;
				PRODUCT_NAME = "$(TARGET_NAME)";
			};
			name = Release;
		};
/* End XCBuildConfiguration section */

/* Begin XCConfigurationList section */
		62B60EC81EF9BBB300235ABE /* Build configuration list for PBXProject "CollectionSample" */ = {
			isa = XCConfigurationList;
			buildConfigurations = (
				62B60EE21EF9BBB500235ABE /* Debug */,
				62B60EE31EF9BBB500235ABE /* Release */,
			);
			defaultConfigurationIsVisible = 0;
			defaultConfigurationName = Release;
		};
		62B60EE41EF9BBB500235ABE /* Build configuration list for PBXNativeTarget "CollectionSample" */ = {
			isa = XCConfigurationList;
			buildConfigurations = (
				62B60EE51EF9BBB500235ABE /* Debug */,
				62B60EE61EF9BBB500235ABE /* Release */,
			);
			defaultConfigurationIsVisible = 0;
		};
/* End XCConfigurationList section */
	};
	rootObject = 62B60EC51EF9BBB300235ABE /* Project object */;
}
