// !$*UTF8*$!
{
	archiveVersion = 1;
	classes = {
	};
	objectVersion = 46;
	objects = {

/* Begin PBXBuildFile section */
		DFF4DDDF1E8C6D1F00D9C91E /* main.m in Sources */ = {isa = PBXBuildFile; fileRef = DFF4DDDE1E8C6D1F00D9C91E /* main.m */; };
		DFF4DDE21E8C6D1F00D9C91E /* AppDelegate.m in Sources */ = {isa = PBXBuildFile; fileRef = DFF4DDE11E8C6D1F00D9C91E /* AppDelegate.m */; };
		DFF4DDEA1E8C6D1F00D9C91E /* Assets.xcassets in Resources */ = {isa = PBXBuildFile; fileRef = DFF4DDE91E8C6D1F00D9C91E /* Assets.xcassets */; };
		DFF4DDED1E8C6D1F00D9C91E /* LaunchScreen.storyboard in Resources */ = {isa = PBXBuildFile; fileRef = DFF4DDEB1E8C6D1F00D9C91E /* LaunchScreen.storyboard */; };
/* End PBXBuildFile section */

/* Begin PBXFileReference section */
		DFF4DDDA1E8C6D1F00D9C91E /* Singleton.app */ = {isa = PBXFileReference; explicitFileType = wrapper.application; includeInIndex = 0; path = Singleton.app; sourceTree = BUILT_PRODUCTS_DIR; };
		DFF4DDDE1E8C6D1F00D9C91E /* main.m */ = {isa = PBXFileReference; lastKnownFileType = sourcecode.c.objc; path = main.m; sourceTree = "<group>"; };
		DFF4DDE01E8C6D1F00D9C91E /* AppDelegate.h */ = {isa = PBXFileReference; lastKnownFileType = sourcecode.c.h; path = AppDelegate.h; sourceTree = "<group>"; };
		DFF4DDE11E8C6D1F00D9C91E /* AppDelegate.m */ = {isa = PBXFileReference; lastKnownFileType = sourcecode.c.objc; path = AppDelegate.m; sourceTree = "<group>"; };
		DFF4DDE91E8C6D1F00D9C91E /* Assets.xcassets */ = {isa = PBXFileReference; lastKnownFileType = folder.assetcatalog; path = Assets.xcassets; sourceTree = "<group>"; };
		DFF4DDEC1E8C6D1F00D9C91E /* Base */ = {isa = PBXFileReference; lastKnownFileType = file.storyboard; name = Base; path = Base.lproj/LaunchScreen.storyboard; sourceTree = "<group>"; };
		DFF4DDEE1E8C6D1F00D9C91E /* Info.plist */ = {isa = PBXFileReference; lastKnownFileType = text.plist.xml; path = Info.plist; sourceTree = "<group>"; };
/* End PBXFileReference section */

/* Begin PBXFrameworksBuildPhase section */
		DFF4DDD71E8C6D1F00D9C91E /* Frameworks */ = {
			isa = PBXFrameworksBuildPhase;
			buildActionMask = 2147483647;
			files = (
			);
			runOnlyForDeploymentPostprocessing = 0;
		};
/* End PBXFrameworksBuildPhase section */

/* Begin PBXGroup section */
		DFF4DDD11E8C6D1F00D9C91E = {
			isa = PBXGroup;
			children = (
				DFF4DDDC1E8C6D1F00D9C91E /* Singleton */,
				DFF4DDDB1E8C6D1F00D9C91E /* Products */,
			);
			sourceTree = "<group>";
		};
		DFF4DDDB1E8C6D1F00D9C91E /* Products */ = {
			isa = PBXGroup;
			children = (
				DFF4DDDA1E8C6D1F00D9C91E /* Singleton.app */,
			);
			name = Products;
			sourceTree = "<group>";
		};
		DFF4DDDC1E8C6D1F00D9C91E /* Singleton */ = {
			isa = PBXGroup;
			children = (
				DFF4DDE01E8C6D1F00D9C91E /* AppDelegate.h */,
				DFF4DDE11E8C6D1F00D9C91E /* AppDelegate.m */,
				DFF4DDE91E8C6D1F00D9C91E /* Assets.xcassets */,
				DFF4DDEB1E8C6D1F00D9C91E /* LaunchScreen.storyboard */,
				DFF4DDEE1E8C6D1F00D9C91E /* Info.plist */,
				DFF4DDDD1E8C6D1F00D9C91E /* Supporting Files */,
			);
			path = Singleton;
			sourceTree = "<group>";
		};
		DFF4DDDD1E8C6D1F00D9C91E /* Supporting Files */ = {
			isa = PBXGroup;
			children = (
				DFF4DDDE1E8C6D1F00D9C91E /* main.m */,
			);
			name = "Supporting Files";
			sourceTree = "<group>";
		};
/* End PBXGroup section */

/* Begin PBXNativeTarget section */
		DFF4DDD91E8C6D1F00D9C91E /* Singleton */ = {
			isa = PBXNativeTarget;
			buildConfigurationList = DFF4DDF11E8C6D1F00D9C91E /* Build configuration list for PBXNativeTarget "Singleton" */;
			buildPhases = (
				DFF4DDD61E8C6D1F00D9C91E /* Sources */,
				DFF4DDD71E8C6D1F00D9C91E /* Frameworks */,
				DFF4DDD81E8C6D1F00D9C91E /* Resources */,
			);
			buildRules = (
			);
			dependencies = (
			);
			name = Singleton;
			productName = Singleton;
			productReference = DFF4DDDA1E8C6D1F00D9C91E /* Singleton.app */;
			productType = "com.apple.product-type.application";
		};
/* End PBXNativeTarget section */

/* Begin PBXProject section */
		DFF4DDD21E8C6D1F00D9C91E /* Project object */ = {
			isa = PBXProject;
			attributes = {
				LastUpgradeCheck = 0800;
				ORGANIZATIONNAME = RHalgravez;
				TargetAttributes = {
					DFF4DDD91E8C6D1F00D9C91E = {
						CreatedOnToolsVersion = 8.0;
						ProvisioningStyle = Automatic;
					};
				};
			};
			buildConfigurationList = DFF4DDD51E8C6D1F00D9C91E /* Build configuration list for PBXProject "Singleton" */;
			compatibilityVersion = "Xcode 3.2";
			developmentRegion = English;
			hasScannedForEncodings = 0;
			knownRegions = (
				en,
				Base,
			);
			mainGroup = DFF4DDD11E8C6D1F00D9C91E;
			productRefGroup = DFF4DDDB1E8C6D1F00D9C91E /* Products */;
			projectDirPath = "";
			projectRoot = "";
			targets = (
				DFF4DDD91E8C6D1F00D9C91E /* Singleton */,
			);
		};
/* End PBXProject section */

/* Begin PBXResourcesBuildPhase section */
		DFF4DDD81E8C6D1F00D9C91E /* Resources */ = {
			isa = PBXResourcesBuildPhase;
			buildActionMask = 2147483647;
			files = (
				DFF4DDED1E8C6D1F00D9C91E /* LaunchScreen.storyboard in Resources */,
				DFF4DDEA1E8C6D1F00D9C91E /* Assets.xcassets in Resources */,
			);
			runOnlyForDeploymentPostprocessing = 0;
		};
/* End PBXResourcesBuildPhase section */

/* Begin PBXSourcesBuildPhase section */
		DFF4DDD61E8C6D1F00D9C91E /* Sources */ = {
			isa = PBXSourcesBuildPhase;
			buildActionMask = 2147483647;
			files = (
				DFF4DDE21E8C6D1F00D9C91E /* AppDelegate.m in Sources */,
				DFF4DDDF1E8C6D1F00D9C91E /* main.m in Sources */,
			);
			runOnlyForDeploymentPostprocessing = 0;
		};
/* End PBXSourcesBuildPhase section */

/* Begin PBXVariantGroup section */
		DFF4DDEB1E8C6D1F00D9C91E /* LaunchScreen.storyboard */ = {
			isa = PBXVariantGroup;
			children = (
				DFF4DDEC1E8C6D1F00D9C91E /* Base */,
			);
			name = LaunchScreen.storyboard;
			sourceTree = "<group>";
		};
/* End PBXVariantGroup section */

/* Begin XCBuildConfiguration section */
		DFF4DDEF1E8C6D1F00D9C91E /* Debug */ = {
			isa = XCBuildConfiguration;
			buildSettings = {
				ALWAYS_SEARCH_USER_PATHS = NO;
				CLANG_ANALYZER_NONNULL = YES;
				CLANG_CXX_LANGUAGE_STANDARD = "gnu++0x";
				CLANG_CXX_LIBRARY = "libc++";
				CLANG_ENABLE_MODULES = YES;
				CLANG_ENABLE_OBJC_ARC = YES;
				CLANG_WARN_BOOL_CONVERSION = YES;
				CLANG_WARN_CONSTANT_CONVERSION = YES;
				CLANG_WARN_DIRECT_OBJC_ISA_USAGE = YES_ERROR;
				CLANG_WARN_DOCUMENTATION_COMMENTS = YES;
				CLANG_WARN_EMPTY_BODY = YES;
				CLANG_WARN_ENUM_CONVERSION = YES;
				CLANG_WARN_INFINITE_RECURSION = YES;
				CLANG_WARN_INT_CONVERSION = YES;
				CLANG_WARN_OBJC_ROOT_CLASS = YES_ERROR;
				CLANG_WARN_SUSPICIOUS_MOVES = YES;
				CLANG_WARN_UNREACHABLE_CODE = YES;
				CLANG_WARN__DUPLICATE_METHOD_MATCH = YES;
				"CODE_SIGN_IDENTITY[sdk=iphoneos*]" = "iPhone Developer";
				COPY_PHASE_STRIP = NO;
				DEBUG_INFORMATION_FORMAT = dwarf;
				ENABLE_STRICT_OBJC_MSGSEND = YES;
				ENABLE_TESTABILITY = YES;
				GCC_C_LANGUAGE_STANDARD = gnu99;
				GCC_DYNAMIC_NO_PIC = NO;
				GCC_NO_COMMON_BLOCKS = YES;
				GCC_OPTIMIZATION_LEVEL = 0;
				GCC_PREPROCESSOR_DEFINITIONS = (
					"DEBUG=1",
					"$(inherited)",
				);
				GCC_WARN_64_TO_32_BIT_CONVERSION = YES;
				GCC_WARN_ABOUT_RETURN_TYPE = YES_ERROR;
				GCC_WARN_UNDECLARED_SELECTOR = YES;
				GCC_WARN_UNINITIALIZED_AUTOS = YES_AGGRESSIVE;
				GCC_WARN_UNUSED_FUNCTION = YES;
				GCC_WARN_UNUSED_VARIABLE = YES;
				IPHONEOS_DEPLOYMENT_TARGET = 10.0;
				MTL_ENABLE_DEBUG_INFO = YES;
				ONLY_ACTIVE_ARCH = YES;
				SDKROOT = iphoneos;
			};
			name = Debug;
		};
		DFF4DDF01E8C6D1F00D9C91E /* Release */ = {
			isa = XCBuildConfiguration;
			buildSettings = {
				ALWAYS_SEARCH_USER_PATHS = NO;
				CLANG_ANALYZER_NONNULL = YES;
				CLANG_CXX_LANGUAGE_STANDARD = "gnu++0x";
				CLANG_CXX_LIBRARY = "libc++";
				CLANG_ENABLE_MODULES = YES;
				CLANG_ENABLE_OBJC_ARC = YES;
				CLANG_WARN_BOOL_CONVERSION = YES;
				CLANG_WARN_CONSTANT_CONVERSION = YES;
				CLANG_WARN_DIRECT_OBJC_ISA_USAGE = YES_ERROR;
				CLANG_WARN_DOCUMENTATION_COMMENTS = YES;
				CLANG_WARN_EMPTY_BODY = YES;
				CLANG_WARN_ENUM_CONVERSION = YES;
				CLANG_WARN_INFINITE_RECURSION = YES;
				CLANG_WARN_INT_CONVERSION = YES;
				CLANG_WARN_OBJC_ROOT_CLASS = YES_ERROR;
				CLANG_WARN_SUSPICIOUS_MOVES = YES;
				CLANG_WARN_UNREACHABLE_CODE = YES;
				CLANG_WARN__DUPLICATE_METHOD_MATCH = YES;
				"CODE_SIGN_IDENTITY[sdk=iphoneos*]" = "iPhone Developer";
				COPY_PHASE_STRIP = NO;
				DEBUG_INFORMATION_FORMAT = "dwarf-with-dsym";
				ENABLE_NS_ASSERTIONS = NO;
				ENABLE_STRICT_OBJC_MSGSEND = YES;
				GCC_C_LANGUAGE_STANDARD = gnu99;
				GCC_NO_COMMON_BLOCKS = YES;
				GCC_WARN_64_TO_32_BIT_CONVERSION = YES;
				GCC_WARN_ABOUT_RETURN_TYPE = YES_ERROR;
				GCC_WARN_UNDECLARED_SELECTOR = YES;
				GCC_WARN_UNINITIALIZED_AUTOS = YES_AGGRESSIVE;
				GCC_WARN_UNUSED_FUNCTION = YES;
				GCC_WARN_UNUSED_VARIABLE = YES;
				IPHONEOS_DEPLOYMENT_TARGET = 10.0;
				MTL_ENABLE_DEBUG_INFO = NO;
				SDKROOT = iphoneos;
				VALIDATE_PRODUCT = YES;
			};
			name = Release;
		};
		DFF4DDF21E8C6D1F00D9C91E /* Debug */ = {
			isa = XCBuildConfiguration;
			buildSettings = {
				ASSETCATALOG_COMPILER_APPICON_NAME = AppIcon;
				INFOPLIST_FILE = Singleton/Info.plist;
				LD_RUNPATH_SEARCH_PATHS = "$(inherited) @executable_path/Frameworks";
				PRODUCT_BUNDLE_IDENTIFIER = com.rhalgravez.Singleton;
				PRODUCT_NAME = "$(TARGET_NAME)";
			};
			name = Debug;
		};
		DFF4DDF31E8C6D1F00D9C91E /* Release */ = {
			isa = XCBuildConfiguration;
			buildSettings = {
				ASSETCATALOG_COMPILER_APPICON_NAME = AppIcon;
				INFOPLIST_FILE = Singleton/Info.plist;
				LD_RUNPATH_SEARCH_PATHS = "$(inherited) @executable_path/Frameworks";
				PRODUCT_BUNDLE_IDENTIFIER = com.rhalgravez.Singleton;
				PRODUCT_NAME = "$(TARGET_NAME)";
			};
			name = Release;
		};
/* End XCBuildConfiguration section */

/* Begin XCConfigurationList section */
		DFF4DDD51E8C6D1F00D9C91E /* Build configuration list for PBXProject "Singleton" */ = {
			isa = XCConfigurationList;
			buildConfigurations = (
				DFF4DDEF1E8C6D1F00D9C91E /* Debug */,
				DFF4DDF01E8C6D1F00D9C91E /* Release */,
			);
			defaultConfigurationIsVisible = 0;
			defaultConfigurationName = Release;
		};
		DFF4DDF11E8C6D1F00D9C91E /* Build configuration list for PBXNativeTarget "Singleton" */ = {
			isa = XCConfigurationList;
			buildConfigurations = (
				DFF4DDF21E8C6D1F00D9C91E /* Debug */,
				DFF4DDF31E8C6D1F00D9C91E /* Release */,
			);
			defaultConfigurationIsVisible = 0;
		};
/* End XCConfigurationList section */
	};
	rootObject = DFF4DDD21E8C6D1F00D9C91E /* Project object */;
}
