// !$*UTF8*$!
{
	archiveVersion = 1;
	classes = {
	};
	objectVersion = 46;
	objects = {

/* Begin PBXBuildFile section */
		DFF4DE631E94452100D9C91E /* main.m in Sources */ = {isa = PBXBuildFile; fileRef = DFF4DE621E94452100D9C91E /* main.m */; };
		DFF4DE661E94452100D9C91E /* AppDelegate.m in Sources */ = {isa = PBXBuildFile; fileRef = DFF4DE651E94452100D9C91E /* AppDelegate.m */; };
		DFF4DE6E1E94452100D9C91E /* Assets.xcassets in Resources */ = {isa = PBXBuildFile; fileRef = DFF4DE6D1E94452100D9C91E /* Assets.xcassets */; };
		DFF4DE711E94452100D9C91E /* LaunchScreen.storyboard in Resources */ = {isa = PBXBuildFile; fileRef = DFF4DE6F1E94452100D9C91E /* LaunchScreen.storyboard */; };
		DFF4DE7F1E94463500D9C91E /* AGTBelenViewController.m in Sources */ = {isa = PBXBuildFile; fileRef = DFF4DE7D1E94463500D9C91E /* AGTBelenViewController.m */; };
		DFF4DE801E94463500D9C91E /* AGTBelenViewController.xib in Resources */ = {isa = PBXBuildFile; fileRef = DFF4DE7E1E94463500D9C91E /* AGTBelenViewController.xib */; };
		DFF4DE871E95921D00D9C91E /* machineGunLoop.wav in Resources */ = {isa = PBXBuildFile; fileRef = DFF4DE821E95921D00D9C91E /* machineGunLoop.wav */; };
		DFF4DE881E95921D00D9C91E /* niQueFueraYoBinLaden.m4a in Resources */ = {isa = PBXBuildFile; fileRef = DFF4DE831E95921D00D9C91E /* niQueFueraYoBinLaden.m4a */; };
		DFF4DE891E95921D00D9C91E /* punch.wav in Resources */ = {isa = PBXBuildFile; fileRef = DFF4DE841E95921D00D9C91E /* punch.wav */; };
		DFF4DE8A1E95921D00D9C91E /* tape.caf in Resources */ = {isa = PBXBuildFile; fileRef = DFF4DE851E95921D00D9C91E /* tape.caf */; };
		DFF4DE8B1E95921D00D9C91E /* untape.caf in Resources */ = {isa = PBXBuildFile; fileRef = DFF4DE861E95921D00D9C91E /* untape.caf */; };
/* End PBXBuildFile section */

/* Begin PBXFileReference section */
		DFF4DE5E1E94452100D9C91E /* AngryEsteban.app */ = {isa = PBXFileReference; explicitFileType = wrapper.application; includeInIndex = 0; path = AngryEsteban.app; sourceTree = BUILT_PRODUCTS_DIR; };
		DFF4DE621E94452100D9C91E /* main.m */ = {isa = PBXFileReference; lastKnownFileType = sourcecode.c.objc; path = main.m; sourceTree = "<group>"; };
		DFF4DE641E94452100D9C91E /* AppDelegate.h */ = {isa = PBXFileReference; lastKnownFileType = sourcecode.c.h; path = AppDelegate.h; sourceTree = "<group>"; };
		DFF4DE651E94452100D9C91E /* AppDelegate.m */ = {isa = PBXFileReference; lastKnownFileType = sourcecode.c.objc; path = AppDelegate.m; sourceTree = "<group>"; };
		DFF4DE6D1E94452100D9C91E /* Assets.xcassets */ = {isa = PBXFileReference; lastKnownFileType = folder.assetcatalog; path = Assets.xcassets; sourceTree = "<group>"; };
		DFF4DE701E94452100D9C91E /* Base */ = {isa = PBXFileReference; lastKnownFileType = file.storyboard; name = Base; path = Base.lproj/LaunchScreen.storyboard; sourceTree = "<group>"; };
		DFF4DE721E94452100D9C91E /* Info.plist */ = {isa = PBXFileReference; lastKnownFileType = text.plist.xml; path = Info.plist; sourceTree = "<group>"; };
		DFF4DE7C1E94463500D9C91E /* AGTBelenViewController.h */ = {isa = PBXFileReference; fileEncoding = 4; lastKnownFileType = sourcecode.c.h; path = AGTBelenViewController.h; sourceTree = "<group>"; };
		DFF4DE7D1E94463500D9C91E /* AGTBelenViewController.m */ = {isa = PBXFileReference; fileEncoding = 4; lastKnownFileType = sourcecode.c.objc; path = AGTBelenViewController.m; sourceTree = "<group>"; };
		DFF4DE7E1E94463500D9C91E /* AGTBelenViewController.xib */ = {isa = PBXFileReference; fileEncoding = 4; lastKnownFileType = file.xib; path = AGTBelenViewController.xib; sourceTree = "<group>"; };
		DFF4DE821E95921D00D9C91E /* machineGunLoop.wav */ = {isa = PBXFileReference; lastKnownFileType = audio.wav; path = machineGunLoop.wav; sourceTree = "<group>"; };
		DFF4DE831E95921D00D9C91E /* niQueFueraYoBinLaden.m4a */ = {isa = PBXFileReference; lastKnownFileType = file; path = niQueFueraYoBinLaden.m4a; sourceTree = "<group>"; };
		DFF4DE841E95921D00D9C91E /* punch.wav */ = {isa = PBXFileReference; lastKnownFileType = audio.wav; path = punch.wav; sourceTree = "<group>"; };
		DFF4DE851E95921D00D9C91E /* tape.caf */ = {isa = PBXFileReference; lastKnownFileType = file; path = tape.caf; sourceTree = "<group>"; };
		DFF4DE861E95921D00D9C91E /* untape.caf */ = {isa = PBXFileReference; lastKnownFileType = file; path = untape.caf; sourceTree = "<group>"; };
/* End PBXFileReference section */

/* Begin PBXFrameworksBuildPhase section */
		DFF4DE5B1E94452100D9C91E /* Frameworks */ = {
			isa = PBXFrameworksBuildPhase;
			buildActionMask = 2147483647;
			files = (
			);
			runOnlyForDeploymentPostprocessing = 0;
		};
/* End PBXFrameworksBuildPhase section */

/* Begin PBXGroup section */
		DFF4DE551E94452100D9C91E = {
			isa = PBXGroup;
			children = (
				DFF4DE601E94452100D9C91E /* AngryEsteban */,
				DFF4DE5F1E94452100D9C91E /* Products */,
			);
			sourceTree = "<group>";
		};
		DFF4DE5F1E94452100D9C91E /* Products */ = {
			isa = PBXGroup;
			children = (
				DFF4DE5E1E94452100D9C91E /* AngryEsteban.app */,
			);
			name = Products;
			sourceTree = "<group>";
		};
		DFF4DE601E94452100D9C91E /* AngryEsteban */ = {
			isa = PBXGroup;
			children = (
				DFF4DE811E9591F500D9C91E /* Resources */,
				DFF4DE641E94452100D9C91E /* AppDelegate.h */,
				DFF4DE651E94452100D9C91E /* AppDelegate.m */,
				DFF4DE781E9445E300D9C91E /* Controllers */,
				DFF4DE6D1E94452100D9C91E /* Assets.xcassets */,
				DFF4DE6F1E94452100D9C91E /* LaunchScreen.storyboard */,
				DFF4DE721E94452100D9C91E /* Info.plist */,
				DFF4DE611E94452100D9C91E /* Supporting Files */,
			);
			path = AngryEsteban;
			sourceTree = "<group>";
		};
		DFF4DE611E94452100D9C91E /* Supporting Files */ = {
			isa = PBXGroup;
			children = (
				DFF4DE621E94452100D9C91E /* main.m */,
			);
			name = "Supporting Files";
			sourceTree = "<group>";
		};
		DFF4DE781E9445E300D9C91E /* Controllers */ = {
			isa = PBXGroup;
			children = (
				DFF4DE7C1E94463500D9C91E /* AGTBelenViewController.h */,
				DFF4DE7D1E94463500D9C91E /* AGTBelenViewController.m */,
				DFF4DE7E1E94463500D9C91E /* AGTBelenViewController.xib */,
			);
			name = Controllers;
			sourceTree = "<group>";
		};
		DFF4DE811E9591F500D9C91E /* Resources */ = {
			isa = PBXGroup;
			children = (
				DFF4DE821E95921D00D9C91E /* machineGunLoop.wav */,
				DFF4DE831E95921D00D9C91E /* niQueFueraYoBinLaden.m4a */,
				DFF4DE841E95921D00D9C91E /* punch.wav */,
				DFF4DE851E95921D00D9C91E /* tape.caf */,
				DFF4DE861E95921D00D9C91E /* untape.caf */,
			);
			name = Resources;
			sourceTree = "<group>";
		};
/* End PBXGroup section */

/* Begin PBXNativeTarget section */
		DFF4DE5D1E94452100D9C91E /* AngryEsteban */ = {
			isa = PBXNativeTarget;
			buildConfigurationList = DFF4DE751E94452100D9C91E /* Build configuration list for PBXNativeTarget "AngryEsteban" */;
			buildPhases = (
				DFF4DE5A1E94452100D9C91E /* Sources */,
				DFF4DE5B1E94452100D9C91E /* Frameworks */,
				DFF4DE5C1E94452100D9C91E /* Resources */,
			);
			buildRules = (
			);
			dependencies = (
			);
			name = AngryEsteban;
			productName = AngryEsteban;
			productReference = DFF4DE5E1E94452100D9C91E /* AngryEsteban.app */;
			productType = "com.apple.product-type.application";
		};
/* End PBXNativeTarget section */

/* Begin PBXProject section */
		DFF4DE561E94452100D9C91E /* Project object */ = {
			isa = PBXProject;
			attributes = {
				LastUpgradeCheck = 0800;
				ORGANIZATIONNAME = RHalgravez;
				TargetAttributes = {
					DFF4DE5D1E94452100D9C91E = {
						CreatedOnToolsVersion = 8.0;
						ProvisioningStyle = Automatic;
					};
				};
			};
			buildConfigurationList = DFF4DE591E94452100D9C91E /* Build configuration list for PBXProject "AngryEsteban" */;
			compatibilityVersion = "Xcode 3.2";
			developmentRegion = English;
			hasScannedForEncodings = 0;
			knownRegions = (
				en,
				Base,
			);
			mainGroup = DFF4DE551E94452100D9C91E;
			productRefGroup = DFF4DE5F1E94452100D9C91E /* Products */;
			projectDirPath = "";
			projectRoot = "";
			targets = (
				DFF4DE5D1E94452100D9C91E /* AngryEsteban */,
			);
		};
/* End PBXProject section */

/* Begin PBXResourcesBuildPhase section */
		DFF4DE5C1E94452100D9C91E /* Resources */ = {
			isa = PBXResourcesBuildPhase;
			buildActionMask = 2147483647;
			files = (
				DFF4DE881E95921D00D9C91E /* niQueFueraYoBinLaden.m4a in Resources */,
				DFF4DE891E95921D00D9C91E /* punch.wav in Resources */,
				DFF4DE711E94452100D9C91E /* LaunchScreen.storyboard in Resources */,
				DFF4DE6E1E94452100D9C91E /* Assets.xcassets in Resources */,
				DFF4DE801E94463500D9C91E /* AGTBelenViewController.xib in Resources */,
				DFF4DE8A1E95921D00D9C91E /* tape.caf in Resources */,
				DFF4DE871E95921D00D9C91E /* machineGunLoop.wav in Resources */,
				DFF4DE8B1E95921D00D9C91E /* untape.caf in Resources */,
			);
			runOnlyForDeploymentPostprocessing = 0;
		};
/* End PBXResourcesBuildPhase section */

/* Begin PBXSourcesBuildPhase section */
		DFF4DE5A1E94452100D9C91E /* Sources */ = {
			isa = PBXSourcesBuildPhase;
			buildActionMask = 2147483647;
			files = (
				DFF4DE661E94452100D9C91E /* AppDelegate.m in Sources */,
				DFF4DE631E94452100D9C91E /* main.m in Sources */,
				DFF4DE7F1E94463500D9C91E /* AGTBelenViewController.m in Sources */,
			);
			runOnlyForDeploymentPostprocessing = 0;
		};
/* End PBXSourcesBuildPhase section */

/* Begin PBXVariantGroup section */
		DFF4DE6F1E94452100D9C91E /* LaunchScreen.storyboard */ = {
			isa = PBXVariantGroup;
			children = (
				DFF4DE701E94452100D9C91E /* Base */,
			);
			name = LaunchScreen.storyboard;
			sourceTree = "<group>";
		};
/* End PBXVariantGroup section */

/* Begin XCBuildConfiguration section */
		DFF4DE731E94452100D9C91E /* Debug */ = {
			isa = XCBuildConfiguration;
			buildSettings = {
				ALWAYS_SEARCH_USER_PATHS = NO;
				CLANG_ANALYZER_NONNULL = YES;
				CLANG_CXX_LANGUAGE_STANDARD = "gnu++0x";
				CLANG_CXX_LIBRARY = "libc++";
				CLANG_ENABLE_MODULES = YES;
				CLANG_ENABLE_OBJC_ARC = YES;
				CLANG_WARN_BOOL_CONVERSION = YES;
				CLANG_WARN_CONSTANT_CONVERSION = YES;
				CLANG_WARN_DIRECT_OBJC_ISA_USAGE = YES_ERROR;
				CLANG_WARN_DOCUMENTATION_COMMENTS = YES;
				CLANG_WARN_EMPTY_BODY = YES;
				CLANG_WARN_ENUM_CONVERSION = YES;
				CLANG_WARN_INFINITE_RECURSION = YES;
				CLANG_WARN_INT_CONVERSION = YES;
				CLANG_WARN_OBJC_ROOT_CLASS = YES_ERROR;
				CLANG_WARN_SUSPICIOUS_MOVES = YES;
				CLANG_WARN_UNREACHABLE_CODE = YES;
				CLANG_WARN__DUPLICATE_METHOD_MATCH = YES;
				"CODE_SIGN_IDENTITY[sdk=iphoneos*]" = "iPhone Developer";
				COPY_PHASE_STRIP = NO;
				DEBUG_INFORMATION_FORMAT = dwarf;
				ENABLE_STRICT_OBJC_MSGSEND = YES;
				ENABLE_TESTABILITY = YES;
				GCC_C_LANGUAGE_STANDARD = gnu99;
				GCC_DYNAMIC_NO_PIC = NO;
				GCC_NO_COMMON_BLOCKS = YES;
				GCC_OPTIMIZATION_LEVEL = 0;
				GCC_PREPROCESSOR_DEFINITIONS = (
					"DEBUG=1",
					"$(inherited)",
				);
				GCC_WARN_64_TO_32_BIT_CONVERSION = YES;
				GCC_WARN_ABOUT_RETURN_TYPE = YES_ERROR;
				GCC_WARN_UNDECLARED_SELECTOR = YES;
				GCC_WARN_UNINITIALIZED_AUTOS = YES_AGGRESSIVE;
				GCC_WARN_UNUSED_FUNCTION = YES;
				GCC_WARN_UNUSED_VARIABLE = YES;
				IPHONEOS_DEPLOYMENT_TARGET = 10.0;
				MTL_ENABLE_DEBUG_INFO = YES;
				ONLY_ACTIVE_ARCH = YES;
				SDKROOT = iphoneos;
			};
			name = Debug;
		};
		DFF4DE741E94452100D9C91E /* Release */ = {
			isa = XCBuildConfiguration;
			buildSettings = {
				ALWAYS_SEARCH_USER_PATHS = NO;
				CLANG_ANALYZER_NONNULL = YES;
				CLANG_CXX_LANGUAGE_STANDARD = "gnu++0x";
				CLANG_CXX_LIBRARY = "libc++";
				CLANG_ENABLE_MODULES = YES;
				CLANG_ENABLE_OBJC_ARC = YES;
				CLANG_WARN_BOOL_CONVERSION = YES;
				CLANG_WARN_CONSTANT_CONVERSION = YES;
				CLANG_WARN_DIRECT_OBJC_ISA_USAGE = YES_ERROR;
				CLANG_WARN_DOCUMENTATION_COMMENTS = YES;
				CLANG_WARN_EMPTY_BODY = YES;
				CLANG_WARN_ENUM_CONVERSION = YES;
				CLANG_WARN_INFINITE_RECURSION = YES;
				CLANG_WARN_INT_CONVERSION = YES;
				CLANG_WARN_OBJC_ROOT_CLASS = YES_ERROR;
				CLANG_WARN_SUSPICIOUS_MOVES = YES;
				CLANG_WARN_UNREACHABLE_CODE = YES;
				CLANG_WARN__DUPLICATE_METHOD_MATCH = YES;
				"CODE_SIGN_IDENTITY[sdk=iphoneos*]" = "iPhone Developer";
				COPY_PHASE_STRIP = NO;
				DEBUG_INFORMATION_FORMAT = "dwarf-with-dsym";
				ENABLE_NS_ASSERTIONS = NO;
				ENABLE_STRICT_OBJC_MSGSEND = YES;
				GCC_C_LANGUAGE_STANDARD = gnu99;
				GCC_NO_COMMON_BLOCKS = YES;
				GCC_WARN_64_TO_32_BIT_CONVERSION = YES;
				GCC_WARN_ABOUT_RETURN_TYPE = YES_ERROR;
				GCC_WARN_UNDECLARED_SELECTOR = YES;
				GCC_WARN_UNINITIALIZED_AUTOS = YES_AGGRESSIVE;
				GCC_WARN_UNUSED_FUNCTION = YES;
				GCC_WARN_UNUSED_VARIABLE = YES;
				IPHONEOS_DEPLOYMENT_TARGET = 10.0;
				MTL_ENABLE_DEBUG_INFO = NO;
				SDKROOT = iphoneos;
				VALIDATE_PRODUCT = YES;
			};
			name = Release;
		};
		DFF4DE761E94452100D9C91E /* Debug */ = {
			isa = XCBuildConfiguration;
			buildSettings = {
				ASSETCATALOG_COMPILER_APPICON_NAME = AppIcon;
				INFOPLIST_FILE = AngryEsteban/Info.plist;
				LD_RUNPATH_SEARCH_PATHS = "$(inherited) @executable_path/Frameworks";
				PRODUCT_BUNDLE_IDENTIFIER = com.rhalgravez.AngryEsteban;
				PRODUCT_NAME = "$(TARGET_NAME)";
			};
			name = Debug;
		};
		DFF4DE771E94452100D9C91E /* Release */ = {
			isa = XCBuildConfiguration;
			buildSettings = {
				ASSETCATALOG_COMPILER_APPICON_NAME = AppIcon;
				INFOPLIST_FILE = AngryEsteban/Info.plist;
				LD_RUNPATH_SEARCH_PATHS = "$(inherited) @executable_path/Frameworks";
				PRODUCT_BUNDLE_IDENTIFIER = com.rhalgravez.AngryEsteban;
				PRODUCT_NAME = "$(TARGET_NAME)";
			};
			name = Release;
		};
/* End XCBuildConfiguration section */

/* Begin XCConfigurationList section */
		DFF4DE591E94452100D9C91E /* Build configuration list for PBXProject "AngryEsteban" */ = {
			isa = XCConfigurationList;
			buildConfigurations = (
				DFF4DE731E94452100D9C91E /* Debug */,
				DFF4DE741E94452100D9C91E /* Release */,
			);
			defaultConfigurationIsVisible = 0;
			defaultConfigurationName = Release;
		};
		DFF4DE751E94452100D9C91E /* Build configuration list for PBXNativeTarget "AngryEsteban" */ = {
			isa = XCConfigurationList;
			buildConfigurations = (
				DFF4DE761E94452100D9C91E /* Debug */,
				DFF4DE771E94452100D9C91E /* Release */,
			);
			defaultConfigurationIsVisible = 0;
		};
/* End XCConfigurationList section */
	};
	rootObject = DFF4DE561E94452100D9C91E /* Project object */;
}
