// !$*UTF8*$!
{
	archiveVersion = 1;
	classes = {
	};
	objectVersion = 46;
	objects = {

/* Begin PBXBuildFile section */
		6245F78A1EE608C900235641 /* AGTCoreDataTableViewController.m in Sources */ = {isa = PBXBuildFile; fileRef = 6245F7891EE608C900235641 /* AGTCoreDataTableViewController.m */; };
		6245F78D1EE609AE00235641 /* AGTNotebooksViewController.m in Sources */ = {isa = PBXBuildFile; fileRef = 6245F78C1EE609AE00235641 /* AGTNotebooksViewController.m */; };
		6245F7911EE73C9D00235641 /* UIViewController+Navigation.m in Sources */ = {isa = PBXBuildFile; fileRef = 6245F7901EE73C9D00235641 /* UIViewController+Navigation.m */; };
		6245F7941EE75FB000235641 /* AGTNotebookCellView.xib in Resources */ = {isa = PBXBuildFile; fileRef = 6245F7931EE75FB000235641 /* AGTNotebookCellView.xib */; };
		6245F7971EE763C400235641 /* AGTNotebookCellView.m in Sources */ = {isa = PBXBuildFile; fileRef = 6245F7961EE763C400235641 /* AGTNotebookCellView.m */; };
		6286C1441EFC93BE006FA36F /* AGTNoteCollectionViewCell.xib in Resources */ = {isa = PBXBuildFile; fileRef = 6286C1431EFC93BE006FA36F /* AGTNoteCollectionViewCell.xib */; };
		6286C1471EFC9541006FA36F /* AGTNoteCellView.m in Sources */ = {isa = PBXBuildFile; fileRef = 6286C1461EFC9541006FA36F /* AGTNoteCellView.m */; };
		6286C14A1F0414D8006FA36F /* AGTNotesTableViewController.m in Sources */ = {isa = PBXBuildFile; fileRef = 6286C1491F0414D8006FA36F /* AGTNotesTableViewController.m */; };
		6286C14D1F041BEA006FA36F /* AGTCoreDataCollectionViewController.m in Sources */ = {isa = PBXBuildFile; fileRef = 6286C14C1F041BEA006FA36F /* AGTCoreDataCollectionViewController.m */; };
		6286C1501F041C64006FA36F /* AGTNotesViewController.m in Sources */ = {isa = PBXBuildFile; fileRef = 6286C14F1F041C64006FA36F /* AGTNotesViewController.m */; };
		6286C1541F056E14006FA36F /* AGTNoteViewController.m in Sources */ = {isa = PBXBuildFile; fileRef = 6286C1521F056E14006FA36F /* AGTNoteViewController.m */; };
		6286C1551F056E14006FA36F /* AGTNoteViewController.xib in Resources */ = {isa = PBXBuildFile; fileRef = 6286C1531F056E14006FA36F /* AGTNoteViewController.xib */; };
		6286C1581F057172006FA36F /* MapKit.framework in Frameworks */ = {isa = PBXBuildFile; fileRef = 6286C1571F057172006FA36F /* MapKit.framework */; };
		6286C15F1F071111006FA36F /* AGTPhotoViewController.m in Sources */ = {isa = PBXBuildFile; fileRef = 6286C15D1F071111006FA36F /* AGTPhotoViewController.m */; };
		6286C1601F071111006FA36F /* AGTPhotoViewController.xib in Resources */ = {isa = PBXBuildFile; fileRef = 6286C15E1F071111006FA36F /* AGTPhotoViewController.xib */; };
		62EC3E401F0D82E500203FA7 /* _AGTLocation.m in Sources */ = {isa = PBXBuildFile; fileRef = 62EC3E3D1F0D82E500203FA7 /* _AGTLocation.m */; };
		62EC3E411F0D82E600203FA7 /* AGTLocation.m in Sources */ = {isa = PBXBuildFile; fileRef = 62EC3E3F1F0D82E500203FA7 /* AGTLocation.m */; };
		DFF4DEC81E9BF1C200D9C91E /* main.m in Sources */ = {isa = PBXBuildFile; fileRef = DFF4DEC71E9BF1C200D9C91E /* main.m */; };
		DFF4DECB1E9BF1C200D9C91E /* AppDelegate.m in Sources */ = {isa = PBXBuildFile; fileRef = DFF4DECA1E9BF1C200D9C91E /* AppDelegate.m */; };
		DFF4DED31E9BF1C200D9C91E /* Assets.xcassets in Resources */ = {isa = PBXBuildFile; fileRef = DFF4DED21E9BF1C200D9C91E /* Assets.xcassets */; };
		DFF4DED61E9BF1C200D9C91E /* LaunchScreen.storyboard in Resources */ = {isa = PBXBuildFile; fileRef = DFF4DED41E9BF1C200D9C91E /* LaunchScreen.storyboard */; };
		DFF4DEE01E9BF3CD00D9C91E /* AGTSimpleCoreDataStack.m in Sources */ = {isa = PBXBuildFile; fileRef = DFF4DEDF1E9BF3CD00D9C91E /* AGTSimpleCoreDataStack.m */; };
		DFF4DEE31E9C0B5B00D9C91E /* Model.xcdatamodeld in Sources */ = {isa = PBXBuildFile; fileRef = DFF4DEE11E9C0B5B00D9C91E /* Model.xcdatamodeld */; };
		DFF4DF421E9D7E1E00D9C91E /* _AGTNamedEntity.m in Sources */ = {isa = PBXBuildFile; fileRef = DFF4DF371E9D7E1E00D9C91E /* _AGTNamedEntity.m */; };
		DFF4DF431E9D7E1E00D9C91E /* _AGTNote.m in Sources */ = {isa = PBXBuildFile; fileRef = DFF4DF391E9D7E1E00D9C91E /* _AGTNote.m */; };
		DFF4DF441E9D7E1E00D9C91E /* _AGTNotebook.m in Sources */ = {isa = PBXBuildFile; fileRef = DFF4DF3B1E9D7E1E00D9C91E /* _AGTNotebook.m */; };
		DFF4DF451E9D7E1E00D9C91E /* AGTNamedEntity.m in Sources */ = {isa = PBXBuildFile; fileRef = DFF4DF3D1E9D7E1E00D9C91E /* AGTNamedEntity.m */; };
		DFF4DF461E9D7E1E00D9C91E /* AGTNote.m in Sources */ = {isa = PBXBuildFile; fileRef = DFF4DF3F1E9D7E1E00D9C91E /* AGTNote.m */; };
		DFF4DF471E9D7E1E00D9C91E /* AGTNotebook.m in Sources */ = {isa = PBXBuildFile; fileRef = DFF4DF411E9D7E1E00D9C91E /* AGTNotebook.m */; };
		DFF4DF4C1E9EA98100D9C91E /* _AGTPhoto.m in Sources */ = {isa = PBXBuildFile; fileRef = DFF4DF491E9EA98100D9C91E /* _AGTPhoto.m */; };
		DFF4DF4D1E9EA98100D9C91E /* AGTPhoto.m in Sources */ = {isa = PBXBuildFile; fileRef = DFF4DF4B1E9EA98100D9C91E /* AGTPhoto.m */; };
/* End PBXBuildFile section */

/* Begin PBXFileReference section */
		6245F7861EE38F7100235641 /* Settings.h */ = {isa = PBXFileReference; fileEncoding = 4; lastKnownFileType = sourcecode.c.h; path = Settings.h; sourceTree = "<group>"; };
		6245F7881EE608C900235641 /* AGTCoreDataTableViewController.h */ = {isa = PBXFileReference; fileEncoding = 4; lastKnownFileType = sourcecode.c.h; path = AGTCoreDataTableViewController.h; sourceTree = "<group>"; };
		6245F7891EE608C900235641 /* AGTCoreDataTableViewController.m */ = {isa = PBXFileReference; fileEncoding = 4; lastKnownFileType = sourcecode.c.objc; path = AGTCoreDataTableViewController.m; sourceTree = "<group>"; };
		6245F78B1EE609AE00235641 /* AGTNotebooksViewController.h */ = {isa = PBXFileReference; fileEncoding = 4; lastKnownFileType = sourcecode.c.h; path = AGTNotebooksViewController.h; sourceTree = "<group>"; };
		6245F78C1EE609AE00235641 /* AGTNotebooksViewController.m */ = {isa = PBXFileReference; fileEncoding = 4; lastKnownFileType = sourcecode.c.objc; path = AGTNotebooksViewController.m; sourceTree = "<group>"; };
		6245F78F1EE73C9D00235641 /* UIViewController+Navigation.h */ = {isa = PBXFileReference; fileEncoding = 4; lastKnownFileType = sourcecode.c.h; path = "UIViewController+Navigation.h"; sourceTree = "<group>"; };
		6245F7901EE73C9D00235641 /* UIViewController+Navigation.m */ = {isa = PBXFileReference; fileEncoding = 4; lastKnownFileType = sourcecode.c.objc; path = "UIViewController+Navigation.m"; sourceTree = "<group>"; };
		6245F7931EE75FB000235641 /* AGTNotebookCellView.xib */ = {isa = PBXFileReference; fileEncoding = 4; lastKnownFileType = file.xib; path = AGTNotebookCellView.xib; sourceTree = "<group>"; };
		6245F7951EE763C400235641 /* AGTNotebookCellView.h */ = {isa = PBXFileReference; fileEncoding = 4; lastKnownFileType = sourcecode.c.h; path = AGTNotebookCellView.h; sourceTree = "<group>"; };
		6245F7961EE763C400235641 /* AGTNotebookCellView.m */ = {isa = PBXFileReference; fileEncoding = 4; lastKnownFileType = sourcecode.c.objc; path = AGTNotebookCellView.m; sourceTree = "<group>"; };
		6286C1431EFC93BE006FA36F /* AGTNoteCollectionViewCell.xib */ = {isa = PBXFileReference; fileEncoding = 4; lastKnownFileType = file.xib; path = AGTNoteCollectionViewCell.xib; sourceTree = "<group>"; };
		6286C1451EFC9541006FA36F /* AGTNoteCellView.h */ = {isa = PBXFileReference; fileEncoding = 4; lastKnownFileType = sourcecode.c.h; path = AGTNoteCellView.h; sourceTree = "<group>"; };
		6286C1461EFC9541006FA36F /* AGTNoteCellView.m */ = {isa = PBXFileReference; fileEncoding = 4; lastKnownFileType = sourcecode.c.objc; path = AGTNoteCellView.m; sourceTree = "<group>"; };
		6286C1481F0414D8006FA36F /* AGTNotesTableViewController.h */ = {isa = PBXFileReference; fileEncoding = 4; lastKnownFileType = sourcecode.c.h; path = AGTNotesTableViewController.h; sourceTree = "<group>"; };
		6286C1491F0414D8006FA36F /* AGTNotesTableViewController.m */ = {isa = PBXFileReference; fileEncoding = 4; lastKnownFileType = sourcecode.c.objc; path = AGTNotesTableViewController.m; sourceTree = "<group>"; };
		6286C14B1F041BEA006FA36F /* AGTCoreDataCollectionViewController.h */ = {isa = PBXFileReference; fileEncoding = 4; lastKnownFileType = sourcecode.c.h; path = AGTCoreDataCollectionViewController.h; sourceTree = "<group>"; };
		6286C14C1F041BEA006FA36F /* AGTCoreDataCollectionViewController.m */ = {isa = PBXFileReference; fileEncoding = 4; lastKnownFileType = sourcecode.c.objc; path = AGTCoreDataCollectionViewController.m; sourceTree = "<group>"; };
		6286C14E1F041C64006FA36F /* AGTNotesViewController.h */ = {isa = PBXFileReference; fileEncoding = 4; lastKnownFileType = sourcecode.c.h; path = AGTNotesViewController.h; sourceTree = "<group>"; };
		6286C14F1F041C64006FA36F /* AGTNotesViewController.m */ = {isa = PBXFileReference; fileEncoding = 4; lastKnownFileType = sourcecode.c.objc; path = AGTNotesViewController.m; sourceTree = "<group>"; };
		6286C1511F056E14006FA36F /* AGTNoteViewController.h */ = {isa = PBXFileReference; fileEncoding = 4; lastKnownFileType = sourcecode.c.h; path = AGTNoteViewController.h; sourceTree = "<group>"; };
		6286C1521F056E14006FA36F /* AGTNoteViewController.m */ = {isa = PBXFileReference; fileEncoding = 4; lastKnownFileType = sourcecode.c.objc; path = AGTNoteViewController.m; sourceTree = "<group>"; };
		6286C1531F056E14006FA36F /* AGTNoteViewController.xib */ = {isa = PBXFileReference; fileEncoding = 4; lastKnownFileType = file.xib; path = AGTNoteViewController.xib; sourceTree = "<group>"; };
		6286C1571F057172006FA36F /* MapKit.framework */ = {isa = PBXFileReference; lastKnownFileType = wrapper.framework; name = MapKit.framework; path = System/Library/Frameworks/MapKit.framework; sourceTree = SDKROOT; };
		6286C15B1F059F9E006FA36F /* AGTDetailViewController.h */ = {isa = PBXFileReference; fileEncoding = 4; lastKnownFileType = sourcecode.c.h; path = AGTDetailViewController.h; sourceTree = "<group>"; };
		6286C15C1F071111006FA36F /* AGTPhotoViewController.h */ = {isa = PBXFileReference; fileEncoding = 4; lastKnownFileType = sourcecode.c.h; path = AGTPhotoViewController.h; sourceTree = "<group>"; };
		6286C15D1F071111006FA36F /* AGTPhotoViewController.m */ = {isa = PBXFileReference; fileEncoding = 4; lastKnownFileType = sourcecode.c.objc; path = AGTPhotoViewController.m; sourceTree = "<group>"; };
		6286C15E1F071111006FA36F /* AGTPhotoViewController.xib */ = {isa = PBXFileReference; fileEncoding = 4; lastKnownFileType = file.xib; path = AGTPhotoViewController.xib; sourceTree = "<group>"; };
		62EC3E3B1F0D791900203FA7 /* Model2.xcdatamodel */ = {isa = PBXFileReference; lastKnownFileType = wrapper.xcdatamodel; path = Model2.xcdatamodel; sourceTree = "<group>"; };
		62EC3E3C1F0D82E500203FA7 /* _AGTLocation.h */ = {isa = PBXFileReference; fileEncoding = 4; lastKnownFileType = sourcecode.c.h; path = _AGTLocation.h; sourceTree = "<group>"; };
		62EC3E3D1F0D82E500203FA7 /* _AGTLocation.m */ = {isa = PBXFileReference; fileEncoding = 4; lastKnownFileType = sourcecode.c.objc; path = _AGTLocation.m; sourceTree = "<group>"; };
		62EC3E3E1F0D82E500203FA7 /* AGTLocation.h */ = {isa = PBXFileReference; fileEncoding = 4; lastKnownFileType = sourcecode.c.h; path = AGTLocation.h; sourceTree = "<group>"; };
		62EC3E3F1F0D82E500203FA7 /* AGTLocation.m */ = {isa = PBXFileReference; fileEncoding = 4; lastKnownFileType = sourcecode.c.objc; path = AGTLocation.m; sourceTree = "<group>"; };
		DFF4DEC31E9BF1C200D9C91E /* Everpobre.app */ = {isa = PBXFileReference; explicitFileType = wrapper.application; includeInIndex = 0; path = Everpobre.app; sourceTree = BUILT_PRODUCTS_DIR; };
		DFF4DEC71E9BF1C200D9C91E /* main.m */ = {isa = PBXFileReference; lastKnownFileType = sourcecode.c.objc; path = main.m; sourceTree = "<group>"; };
		DFF4DEC91E9BF1C200D9C91E /* AppDelegate.h */ = {isa = PBXFileReference; lastKnownFileType = sourcecode.c.h; path = AppDelegate.h; sourceTree = "<group>"; };
		DFF4DECA1E9BF1C200D9C91E /* AppDelegate.m */ = {isa = PBXFileReference; lastKnownFileType = sourcecode.c.objc; path = AppDelegate.m; sourceTree = "<group>"; };
		DFF4DED21E9BF1C200D9C91E /* Assets.xcassets */ = {isa = PBXFileReference; lastKnownFileType = folder.assetcatalog; path = Assets.xcassets; sourceTree = "<group>"; };
		DFF4DED51E9BF1C200D9C91E /* Base */ = {isa = PBXFileReference; lastKnownFileType = file.storyboard; name = Base; path = Base.lproj/LaunchScreen.storyboard; sourceTree = "<group>"; };
		DFF4DED71E9BF1C200D9C91E /* Info.plist */ = {isa = PBXFileReference; lastKnownFileType = text.plist.xml; path = Info.plist; sourceTree = "<group>"; };
		DFF4DEDE1E9BF3CD00D9C91E /* AGTSimpleCoreDataStack.h */ = {isa = PBXFileReference; fileEncoding = 4; lastKnownFileType = sourcecode.c.h; path = AGTSimpleCoreDataStack.h; sourceTree = "<group>"; };
		DFF4DEDF1E9BF3CD00D9C91E /* AGTSimpleCoreDataStack.m */ = {isa = PBXFileReference; fileEncoding = 4; lastKnownFileType = sourcecode.c.objc; path = AGTSimpleCoreDataStack.m; sourceTree = "<group>"; };
		DFF4DEE21E9C0B5B00D9C91E /* Model.xcdatamodel */ = {isa = PBXFileReference; lastKnownFileType = wrapper.xcdatamodel; path = Model.xcdatamodel; sourceTree = "<group>"; };
		DFF4DF361E9D7E1E00D9C91E /* _AGTNamedEntity.h */ = {isa = PBXFileReference; fileEncoding = 4; lastKnownFileType = sourcecode.c.h; path = _AGTNamedEntity.h; sourceTree = "<group>"; };
		DFF4DF371E9D7E1E00D9C91E /* _AGTNamedEntity.m */ = {isa = PBXFileReference; fileEncoding = 4; lastKnownFileType = sourcecode.c.objc; path = _AGTNamedEntity.m; sourceTree = "<group>"; };
		DFF4DF381E9D7E1E00D9C91E /* _AGTNote.h */ = {isa = PBXFileReference; fileEncoding = 4; lastKnownFileType = sourcecode.c.h; path = _AGTNote.h; sourceTree = "<group>"; };
		DFF4DF391E9D7E1E00D9C91E /* _AGTNote.m */ = {isa = PBXFileReference; fileEncoding = 4; lastKnownFileType = sourcecode.c.objc; path = _AGTNote.m; sourceTree = "<group>"; };
		DFF4DF3A1E9D7E1E00D9C91E /* _AGTNotebook.h */ = {isa = PBXFileReference; fileEncoding = 4; lastKnownFileType = sourcecode.c.h; path = _AGTNotebook.h; sourceTree = "<group>"; };
		DFF4DF3B1E9D7E1E00D9C91E /* _AGTNotebook.m */ = {isa = PBXFileReference; fileEncoding = 4; lastKnownFileType = sourcecode.c.objc; path = _AGTNotebook.m; sourceTree = "<group>"; };
		DFF4DF3C1E9D7E1E00D9C91E /* AGTNamedEntity.h */ = {isa = PBXFileReference; fileEncoding = 4; lastKnownFileType = sourcecode.c.h; path = AGTNamedEntity.h; sourceTree = "<group>"; };
		DFF4DF3D1E9D7E1E00D9C91E /* AGTNamedEntity.m */ = {isa = PBXFileReference; fileEncoding = 4; lastKnownFileType = sourcecode.c.objc; path = AGTNamedEntity.m; sourceTree = "<group>"; };
		DFF4DF3E1E9D7E1E00D9C91E /* AGTNote.h */ = {isa = PBXFileReference; fileEncoding = 4; lastKnownFileType = sourcecode.c.h; path = AGTNote.h; sourceTree = "<group>"; };
		DFF4DF3F1E9D7E1E00D9C91E /* AGTNote.m */ = {isa = PBXFileReference; fileEncoding = 4; lastKnownFileType = sourcecode.c.objc; path = AGTNote.m; sourceTree = "<group>"; };
		DFF4DF401E9D7E1E00D9C91E /* AGTNotebook.h */ = {isa = PBXFileReference; fileEncoding = 4; lastKnownFileType = sourcecode.c.h; path = AGTNotebook.h; sourceTree = "<group>"; };
		DFF4DF411E9D7E1E00D9C91E /* AGTNotebook.m */ = {isa = PBXFileReference; fileEncoding = 4; lastKnownFileType = sourcecode.c.objc; path = AGTNotebook.m; sourceTree = "<group>"; };
		DFF4DF481E9EA98100D9C91E /* _AGTPhoto.h */ = {isa = PBXFileReference; fileEncoding = 4; lastKnownFileType = sourcecode.c.h; path = _AGTPhoto.h; sourceTree = "<group>"; };
		DFF4DF491E9EA98100D9C91E /* _AGTPhoto.m */ = {isa = PBXFileReference; fileEncoding = 4; lastKnownFileType = sourcecode.c.objc; path = _AGTPhoto.m; sourceTree = "<group>"; };
		DFF4DF4A1E9EA98100D9C91E /* AGTPhoto.h */ = {isa = PBXFileReference; fileEncoding = 4; lastKnownFileType = sourcecode.c.h; path = AGTPhoto.h; sourceTree = "<group>"; };
		DFF4DF4B1E9EA98100D9C91E /* AGTPhoto.m */ = {isa = PBXFileReference; fileEncoding = 4; lastKnownFileType = sourcecode.c.objc; path = AGTPhoto.m; sourceTree = "<group>"; };
/* End PBXFileReference section */

/* Begin PBXFrameworksBuildPhase section */
		DFF4DEC01E9BF1C200D9C91E /* Frameworks */ = {
			isa = PBXFrameworksBuildPhase;
			buildActionMask = 2147483647;
			files = (
				6286C1581F057172006FA36F /* MapKit.framework in Frameworks */,
			);
			runOnlyForDeploymentPostprocessing = 0;
		};
/* End PBXFrameworksBuildPhase section */

/* Begin PBXGroup section */
		6245F7871EE608B300235641 /* Controllers */ = {
			isa = PBXGroup;
			children = (
				6286C14B1F041BEA006FA36F /* AGTCoreDataCollectionViewController.h */,
				6286C14C1F041BEA006FA36F /* AGTCoreDataCollectionViewController.m */,
				6245F7881EE608C900235641 /* AGTCoreDataTableViewController.h */,
				6245F7891EE608C900235641 /* AGTCoreDataTableViewController.m */,
				6245F78B1EE609AE00235641 /* AGTNotebooksViewController.h */,
				6245F78C1EE609AE00235641 /* AGTNotebooksViewController.m */,
				6286C1481F0414D8006FA36F /* AGTNotesTableViewController.h */,
				6286C1491F0414D8006FA36F /* AGTNotesTableViewController.m */,
				6286C14E1F041C64006FA36F /* AGTNotesViewController.h */,
				6286C14F1F041C64006FA36F /* AGTNotesViewController.m */,
				6286C1511F056E14006FA36F /* AGTNoteViewController.h */,
				6286C1521F056E14006FA36F /* AGTNoteViewController.m */,
				6286C1531F056E14006FA36F /* AGTNoteViewController.xib */,
				6286C15C1F071111006FA36F /* AGTPhotoViewController.h */,
				6286C15D1F071111006FA36F /* AGTPhotoViewController.m */,
				6286C15E1F071111006FA36F /* AGTPhotoViewController.xib */,
			);
			name = Controllers;
			sourceTree = "<group>";
		};
		6245F78E1EE73C2E00235641 /* Categories */ = {
			isa = PBXGroup;
			children = (
				6245F78F1EE73C9D00235641 /* UIViewController+Navigation.h */,
				6245F7901EE73C9D00235641 /* UIViewController+Navigation.m */,
			);
			name = Categories;
			sourceTree = "<group>";
		};
		6245F7921EE75F5D00235641 /* Views */ = {
			isa = PBXGroup;
			children = (
				6245F7931EE75FB000235641 /* AGTNotebookCellView.xib */,
				6245F7951EE763C400235641 /* AGTNotebookCellView.h */,
				6245F7961EE763C400235641 /* AGTNotebookCellView.m */,
				6286C1431EFC93BE006FA36F /* AGTNoteCollectionViewCell.xib */,
				6286C1451EFC9541006FA36F /* AGTNoteCellView.h */,
				6286C1461EFC9541006FA36F /* AGTNoteCellView.m */,
			);
			name = Views;
			sourceTree = "<group>";
		};
		6286C1561F057172006FA36F /* Frameworks */ = {
			isa = PBXGroup;
			children = (
				6286C1571F057172006FA36F /* MapKit.framework */,
			);
			name = Frameworks;
			sourceTree = "<group>";
		};
		6286C1591F059EAB006FA36F /* Protocols */ = {
			isa = PBXGroup;
			children = (
				6286C15B1F059F9E006FA36F /* AGTDetailViewController.h */,
			);
			name = Protocols;
			sourceTree = "<group>";
		};
		DFF4DEBA1E9BF1C200D9C91E = {
			isa = PBXGroup;
			children = (
				DFF4DEC51E9BF1C200D9C91E /* Everpobre */,
				DFF4DEC41E9BF1C200D9C91E /* Products */,
				6286C1561F057172006FA36F /* Frameworks */,
			);
			sourceTree = "<group>";
		};
		DFF4DEC41E9BF1C200D9C91E /* Products */ = {
			isa = PBXGroup;
			children = (
				DFF4DEC31E9BF1C200D9C91E /* Everpobre.app */,
			);
			name = Products;
			sourceTree = "<group>";
		};
		DFF4DEC51E9BF1C200D9C91E /* Everpobre */ = {
			isa = PBXGroup;
			children = (
				6286C1591F059EAB006FA36F /* Protocols */,
				6245F7921EE75F5D00235641 /* Views */,
				6245F78E1EE73C2E00235641 /* Categories */,
				6245F7871EE608B300235641 /* Controllers */,
				DFF4DEDD1E9BF3BB00D9C91E /* Models */,
				DFF4DEC91E9BF1C200D9C91E /* AppDelegate.h */,
				DFF4DECA1E9BF1C200D9C91E /* AppDelegate.m */,
				DFF4DED21E9BF1C200D9C91E /* Assets.xcassets */,
				DFF4DED41E9BF1C200D9C91E /* LaunchScreen.storyboard */,
				DFF4DED71E9BF1C200D9C91E /* Info.plist */,
				DFF4DEC61E9BF1C200D9C91E /* Supporting Files */,
				6245F7861EE38F7100235641 /* Settings.h */,
			);
			path = Everpobre;
			sourceTree = "<group>";
		};
		DFF4DEC61E9BF1C200D9C91E /* Supporting Files */ = {
			isa = PBXGroup;
			children = (
				DFF4DEC71E9BF1C200D9C91E /* main.m */,
			);
			name = "Supporting Files";
			sourceTree = "<group>";
		};
		DFF4DEDD1E9BF3BB00D9C91E /* Models */ = {
			isa = PBXGroup;
			children = (
				62EC3E3C1F0D82E500203FA7 /* _AGTLocation.h */,
				62EC3E3D1F0D82E500203FA7 /* _AGTLocation.m */,
				62EC3E3E1F0D82E500203FA7 /* AGTLocation.h */,
				62EC3E3F1F0D82E500203FA7 /* AGTLocation.m */,
				DFF4DEDE1E9BF3CD00D9C91E /* AGTSimpleCoreDataStack.h */,
				DFF4DEDF1E9BF3CD00D9C91E /* AGTSimpleCoreDataStack.m */,
				DFF4DEE11E9C0B5B00D9C91E /* Model.xcdatamodeld */,
				DFF4DF361E9D7E1E00D9C91E /* _AGTNamedEntity.h */,
				DFF4DF371E9D7E1E00D9C91E /* _AGTNamedEntity.m */,
				DFF4DF381E9D7E1E00D9C91E /* _AGTNote.h */,
				DFF4DF391E9D7E1E00D9C91E /* _AGTNote.m */,
				DFF4DF3A1E9D7E1E00D9C91E /* _AGTNotebook.h */,
				DFF4DF3B1E9D7E1E00D9C91E /* _AGTNotebook.m */,
				DFF4DF481E9EA98100D9C91E /* _AGTPhoto.h */,
				DFF4DF491E9EA98100D9C91E /* _AGTPhoto.m */,
				DFF4DF3C1E9D7E1E00D9C91E /* AGTNamedEntity.h */,
				DFF4DF3D1E9D7E1E00D9C91E /* AGTNamedEntity.m */,
				DFF4DF3E1E9D7E1E00D9C91E /* AGTNote.h */,
				DFF4DF3F1E9D7E1E00D9C91E /* AGTNote.m */,
				DFF4DF401E9D7E1E00D9C91E /* AGTNotebook.h */,
				DFF4DF411E9D7E1E00D9C91E /* AGTNotebook.m */,
				DFF4DF4A1E9EA98100D9C91E /* AGTPhoto.h */,
				DFF4DF4B1E9EA98100D9C91E /* AGTPhoto.m */,
			);
			name = Models;
			sourceTree = "<group>";
		};
/* End PBXGroup section */

/* Begin PBXNativeTarget section */
		DFF4DEC21E9BF1C200D9C91E /* Everpobre */ = {
			isa = PBXNativeTarget;
			buildConfigurationList = DFF4DEDA1E9BF1C200D9C91E /* Build configuration list for PBXNativeTarget "Everpobre" */;
			buildPhases = (
				DFF4DEBF1E9BF1C200D9C91E /* Sources */,
				DFF4DEC01E9BF1C200D9C91E /* Frameworks */,
				DFF4DEC11E9BF1C200D9C91E /* Resources */,
			);
			buildRules = (
			);
			dependencies = (
			);
			name = Everpobre;
			productName = Everpobre;
			productReference = DFF4DEC31E9BF1C200D9C91E /* Everpobre.app */;
			productType = "com.apple.product-type.application";
		};
/* End PBXNativeTarget section */

/* Begin PBXProject section */
		DFF4DEBB1E9BF1C200D9C91E /* Project object */ = {
			isa = PBXProject;
			attributes = {
				LastUpgradeCheck = 0800;
				ORGANIZATIONNAME = RHalgravez;
				TargetAttributes = {
					DFF4DEC21E9BF1C200D9C91E = {
						CreatedOnToolsVersion = 8.0;
						ProvisioningStyle = Automatic;
					};
				};
			};
			buildConfigurationList = DFF4DEBE1E9BF1C200D9C91E /* Build configuration list for PBXProject "Everpobre" */;
			compatibilityVersion = "Xcode 3.2";
			developmentRegion = English;
			hasScannedForEncodings = 0;
			knownRegions = (
				en,
				Base,
			);
			mainGroup = DFF4DEBA1E9BF1C200D9C91E;
			productRefGroup = DFF4DEC41E9BF1C200D9C91E /* Products */;
			projectDirPath = "";
			projectRoot = "";
			targets = (
				DFF4DEC21E9BF1C200D9C91E /* Everpobre */,
			);
		};
/* End PBXProject section */

/* Begin PBXResourcesBuildPhase section */
		DFF4DEC11E9BF1C200D9C91E /* Resources */ = {
			isa = PBXResourcesBuildPhase;
			buildActionMask = 2147483647;
			files = (
				6245F7941EE75FB000235641 /* AGTNotebookCellView.xib in Resources */,
				6286C1441EFC93BE006FA36F /* AGTNoteCollectionViewCell.xib in Resources */,
				6286C1551F056E14006FA36F /* AGTNoteViewController.xib in Resources */,
				DFF4DED61E9BF1C200D9C91E /* LaunchScreen.storyboard in Resources */,
				6286C1601F071111006FA36F /* AGTPhotoViewController.xib in Resources */,
				DFF4DED31E9BF1C200D9C91E /* Assets.xcassets in Resources */,
			);
			runOnlyForDeploymentPostprocessing = 0;
		};
/* End PBXResourcesBuildPhase section */

/* Begin PBXSourcesBuildPhase section */
		DFF4DEBF1E9BF1C200D9C91E /* Sources */ = {
			isa = PBXSourcesBuildPhase;
			buildActionMask = 2147483647;
			files = (
				6286C14A1F0414D8006FA36F /* AGTNotesTableViewController.m in Sources */,
				6245F78D1EE609AE00235641 /* AGTNotebooksViewController.m in Sources */,
				DFF4DF4C1E9EA98100D9C91E /* _AGTPhoto.m in Sources */,
				6286C1501F041C64006FA36F /* AGTNotesViewController.m in Sources */,
				DFF4DECB1E9BF1C200D9C91E /* AppDelegate.m in Sources */,
				DFF4DF471E9D7E1E00D9C91E /* AGTNotebook.m in Sources */,
				6286C15F1F071111006FA36F /* AGTPhotoViewController.m in Sources */,
				6286C1541F056E14006FA36F /* AGTNoteViewController.m in Sources */,
				DFF4DF451E9D7E1E00D9C91E /* AGTNamedEntity.m in Sources */,
				62EC3E401F0D82E500203FA7 /* _AGTLocation.m in Sources */,
				DFF4DF421E9D7E1E00D9C91E /* _AGTNamedEntity.m in Sources */,
				6245F7911EE73C9D00235641 /* UIViewController+Navigation.m in Sources */,
				DFF4DF441E9D7E1E00D9C91E /* _AGTNotebook.m in Sources */,
				6245F7971EE763C400235641 /* AGTNotebookCellView.m in Sources */,
				6286C1471EFC9541006FA36F /* AGTNoteCellView.m in Sources */,
				DFF4DF431E9D7E1E00D9C91E /* _AGTNote.m in Sources */,
				6286C14D1F041BEA006FA36F /* AGTCoreDataCollectionViewController.m in Sources */,
				DFF4DEC81E9BF1C200D9C91E /* main.m in Sources */,
				6245F78A1EE608C900235641 /* AGTCoreDataTableViewController.m in Sources */,
				DFF4DEE01E9BF3CD00D9C91E /* AGTSimpleCoreDataStack.m in Sources */,
				DFF4DF461E9D7E1E00D9C91E /* AGTNote.m in Sources */,
				62EC3E411F0D82E600203FA7 /* AGTLocation.m in Sources */,
				DFF4DEE31E9C0B5B00D9C91E /* Model.xcdatamodeld in Sources */,
				DFF4DF4D1E9EA98100D9C91E /* AGTPhoto.m in Sources */,
			);
			runOnlyForDeploymentPostprocessing = 0;
		};
/* End PBXSourcesBuildPhase section */

/* Begin PBXVariantGroup section */
		DFF4DED41E9BF1C200D9C91E /* LaunchScreen.storyboard */ = {
			isa = PBXVariantGroup;
			children = (
				DFF4DED51E9BF1C200D9C91E /* Base */,
			);
			name = LaunchScreen.storyboard;
			sourceTree = "<group>";
		};
/* End PBXVariantGroup section */

/* Begin XCBuildConfiguration section */
		DFF4DED81E9BF1C200D9C91E /* Debug */ = {
			isa = XCBuildConfiguration;
			buildSettings = {
				ALWAYS_SEARCH_USER_PATHS = NO;
				CLANG_ANALYZER_NONNULL = YES;
				CLANG_CXX_LANGUAGE_STANDARD = "gnu++0x";
				CLANG_CXX_LIBRARY = "libc++";
				CLANG_ENABLE_MODULES = YES;
				CLANG_ENABLE_OBJC_ARC = YES;
				CLANG_WARN_BOOL_CONVERSION = YES;
				CLANG_WARN_CONSTANT_CONVERSION = YES;
				CLANG_WARN_DIRECT_OBJC_ISA_USAGE = YES_ERROR;
				CLANG_WARN_DOCUMENTATION_COMMENTS = YES;
				CLANG_WARN_EMPTY_BODY = YES;
				CLANG_WARN_ENUM_CONVERSION = YES;
				CLANG_WARN_INFINITE_RECURSION = YES;
				CLANG_WARN_INT_CONVERSION = YES;
				CLANG_WARN_OBJC_ROOT_CLASS = YES_ERROR;
				CLANG_WARN_SUSPICIOUS_MOVES = YES;
				CLANG_WARN_UNREACHABLE_CODE = YES;
				CLANG_WARN__DUPLICATE_METHOD_MATCH = YES;
				"CODE_SIGN_IDENTITY[sdk=iphoneos*]" = "iPhone Developer";
				COPY_PHASE_STRIP = NO;
				DEBUG_INFORMATION_FORMAT = dwarf;
				ENABLE_STRICT_OBJC_MSGSEND = YES;
				ENABLE_TESTABILITY = YES;
				GCC_C_LANGUAGE_STANDARD = gnu99;
				GCC_DYNAMIC_NO_PIC = NO;
				GCC_NO_COMMON_BLOCKS = YES;
				GCC_OPTIMIZATION_LEVEL = 0;
				GCC_PREPROCESSOR_DEFINITIONS = (
					"DEBUG=1",
					"$(inherited)",
				);
				GCC_WARN_64_TO_32_BIT_CONVERSION = YES;
				GCC_WARN_ABOUT_RETURN_TYPE = YES_ERROR;
				GCC_WARN_UNDECLARED_SELECTOR = YES;
				GCC_WARN_UNINITIALIZED_AUTOS = YES_AGGRESSIVE;
				GCC_WARN_UNUSED_FUNCTION = YES;
				GCC_WARN_UNUSED_VARIABLE = YES;
				IPHONEOS_DEPLOYMENT_TARGET = 10.0;
				MTL_ENABLE_DEBUG_INFO = YES;
				ONLY_ACTIVE_ARCH = YES;
				SDKROOT = iphoneos;
			};
			name = Debug;
		};
		DFF4DED91E9BF1C200D9C91E /* Release */ = {
			isa = XCBuildConfiguration;
			buildSettings = {
				ALWAYS_SEARCH_USER_PATHS = NO;
				CLANG_ANALYZER_NONNULL = YES;
				CLANG_CXX_LANGUAGE_STANDARD = "gnu++0x";
				CLANG_CXX_LIBRARY = "libc++";
				CLANG_ENABLE_MODULES = YES;
				CLANG_ENABLE_OBJC_ARC = YES;
				CLANG_WARN_BOOL_CONVERSION = YES;
				CLANG_WARN_CONSTANT_CONVERSION = YES;
				CLANG_WARN_DIRECT_OBJC_ISA_USAGE = YES_ERROR;
				CLANG_WARN_DOCUMENTATION_COMMENTS = YES;
				CLANG_WARN_EMPTY_BODY = YES;
				CLANG_WARN_ENUM_CONVERSION = YES;
				CLANG_WARN_INFINITE_RECURSION = YES;
				CLANG_WARN_INT_CONVERSION = YES;
				CLANG_WARN_OBJC_ROOT_CLASS = YES_ERROR;
				CLANG_WARN_SUSPICIOUS_MOVES = YES;
				CLANG_WARN_UNREACHABLE_CODE = YES;
				CLANG_WARN__DUPLICATE_METHOD_MATCH = YES;
				"CODE_SIGN_IDENTITY[sdk=iphoneos*]" = "iPhone Developer";
				COPY_PHASE_STRIP = NO;
				DEBUG_INFORMATION_FORMAT = "dwarf-with-dsym";
				ENABLE_NS_ASSERTIONS = NO;
				ENABLE_STRICT_OBJC_MSGSEND = YES;
				GCC_C_LANGUAGE_STANDARD = gnu99;
				GCC_NO_COMMON_BLOCKS = YES;
				GCC_WARN_64_TO_32_BIT_CONVERSION = YES;
				GCC_WARN_ABOUT_RETURN_TYPE = YES_ERROR;
				GCC_WARN_UNDECLARED_SELECTOR = YES;
				GCC_WARN_UNINITIALIZED_AUTOS = YES_AGGRESSIVE;
				GCC_WARN_UNUSED_FUNCTION = YES;
				GCC_WARN_UNUSED_VARIABLE = YES;
				IPHONEOS_DEPLOYMENT_TARGET = 10.0;
				MTL_ENABLE_DEBUG_INFO = NO;
				SDKROOT = iphoneos;
				VALIDATE_PRODUCT = YES;
			};
			name = Release;
		};
		DFF4DEDB1E9BF1C200D9C91E /* Debug */ = {
			isa = XCBuildConfiguration;
			buildSettings = {
				ASSETCATALOG_COMPILER_APPICON_NAME = AppIcon;
				INFOPLIST_FILE = Everpobre/Info.plist;
				LD_RUNPATH_SEARCH_PATHS = "$(inherited) @executable_path/Frameworks";
				PRODUCT_BUNDLE_IDENTIFIER = com.rhalgravez.Everpobre;
				PRODUCT_NAME = "$(TARGET_NAME)";
			};
			name = Debug;
		};
		DFF4DEDC1E9BF1C200D9C91E /* Release */ = {
			isa = XCBuildConfiguration;
			buildSettings = {
				ASSETCATALOG_COMPILER_APPICON_NAME = AppIcon;
				INFOPLIST_FILE = Everpobre/Info.plist;
				LD_RUNPATH_SEARCH_PATHS = "$(inherited) @executable_path/Frameworks";
				PRODUCT_BUNDLE_IDENTIFIER = com.rhalgravez.Everpobre;
				PRODUCT_NAME = "$(TARGET_NAME)";
			};
			name = Release;
		};
/* End XCBuildConfiguration section */

/* Begin XCConfigurationList section */
		DFF4DEBE1E9BF1C200D9C91E /* Build configuration list for PBXProject "Everpobre" */ = {
			isa = XCConfigurationList;
			buildConfigurations = (
				DFF4DED81E9BF1C200D9C91E /* Debug */,
				DFF4DED91E9BF1C200D9C91E /* Release */,
			);
			defaultConfigurationIsVisible = 0;
			defaultConfigurationName = Release;
		};
		DFF4DEDA1E9BF1C200D9C91E /* Build configuration list for PBXNativeTarget "Everpobre" */ = {
			isa = XCConfigurationList;
			buildConfigurations = (
				DFF4DEDB1E9BF1C200D9C91E /* Debug */,
				DFF4DEDC1E9BF1C200D9C91E /* Release */,
			);
			defaultConfigurationIsVisible = 0;
			defaultConfigurationName = Release;
		};
/* End XCConfigurationList section */

/* Begin XCVersionGroup section */
		DFF4DEE11E9C0B5B00D9C91E /* Model.xcdatamodeld */ = {
			isa = XCVersionGroup;
			children = (
				62EC3E3B1F0D791900203FA7 /* Model2.xcdatamodel */,
				DFF4DEE21E9C0B5B00D9C91E /* Model.xcdatamodel */,
			);
			currentVersion = DFF4DEE21E9C0B5B00D9C91E /* Model.xcdatamodel */;
			path = Model.xcdatamodeld;
			sourceTree = "<group>";
			versionGroupType = wrapper.xcdatamodel;
		};
/* End XCVersionGroup section */
	};
	rootObject = DFF4DEBB1E9BF1C200D9C91E /* Project object */;
}
