// !$*UTF8*$!
{
	archiveVersion = 1;
	classes = {
	};
	objectVersion = 46;
	objects = {

/* Begin PBXBuildFile section */
		DFF4DE051E8D8E5C00D9C91E /* main.m in Sources */ = {isa = PBXBuildFile; fileRef = DFF4DE041E8D8E5C00D9C91E /* main.m */; };
		DFF4DE081E8D8E5C00D9C91E /* AppDelegate.m in Sources */ = {isa = PBXBuildFile; fileRef = DFF4DE071E8D8E5C00D9C91E /* AppDelegate.m */; };
		DFF4DE101E8D8E5C00D9C91E /* Assets.xcassets in Resources */ = {isa = PBXBuildFile; fileRef = DFF4DE0F1E8D8E5C00D9C91E /* Assets.xcassets */; };
		DFF4DE131E8D8E5C00D9C91E /* LaunchScreen.storyboard in Resources */ = {isa = PBXBuildFile; fileRef = DFF4DE111E8D8E5C00D9C91E /* LaunchScreen.storyboard */; };
		DFF4DE1D1E8D906500D9C91E /* AGTImageViewController.m in Sources */ = {isa = PBXBuildFile; fileRef = DFF4DE1B1E8D906500D9C91E /* AGTImageViewController.m */; };
		DFF4DE1E1E8D906500D9C91E /* AGTImageViewController.xib in Resources */ = {isa = PBXBuildFile; fileRef = DFF4DE1C1E8D906500D9C91E /* AGTImageViewController.xib */; };
		DFF4DE231E8D95AF00D9C91E /* AGTImageDownloader.m in Sources */ = {isa = PBXBuildFile; fileRef = DFF4DE221E8D95AF00D9C91E /* AGTImageDownloader.m */; };
/* End PBXBuildFile section */

/* Begin PBXFileReference section */
		DFF4DE001E8D8E5C00D9C91E /* Concurrencia II.app */ = {isa = PBXFileReference; explicitFileType = wrapper.application; includeInIndex = 0; path = "Concurrencia II.app"; sourceTree = BUILT_PRODUCTS_DIR; };
		DFF4DE041E8D8E5C00D9C91E /* main.m */ = {isa = PBXFileReference; lastKnownFileType = sourcecode.c.objc; path = main.m; sourceTree = "<group>"; };
		DFF4DE061E8D8E5C00D9C91E /* AppDelegate.h */ = {isa = PBXFileReference; lastKnownFileType = sourcecode.c.h; path = AppDelegate.h; sourceTree = "<group>"; };
		DFF4DE071E8D8E5C00D9C91E /* AppDelegate.m */ = {isa = PBXFileReference; lastKnownFileType = sourcecode.c.objc; path = AppDelegate.m; sourceTree = "<group>"; };
		DFF4DE0F1E8D8E5C00D9C91E /* Assets.xcassets */ = {isa = PBXFileReference; lastKnownFileType = folder.assetcatalog; path = Assets.xcassets; sourceTree = "<group>"; };
		DFF4DE121E8D8E5C00D9C91E /* Base */ = {isa = PBXFileReference; lastKnownFileType = file.storyboard; name = Base; path = Base.lproj/LaunchScreen.storyboard; sourceTree = "<group>"; };
		DFF4DE141E8D8E5C00D9C91E /* Info.plist */ = {isa = PBXFileReference; lastKnownFileType = text.plist.xml; path = Info.plist; sourceTree = "<group>"; };
		DFF4DE1A1E8D906500D9C91E /* AGTImageViewController.h */ = {isa = PBXFileReference; fileEncoding = 4; lastKnownFileType = sourcecode.c.h; path = AGTImageViewController.h; sourceTree = "<group>"; };
		DFF4DE1B1E8D906500D9C91E /* AGTImageViewController.m */ = {isa = PBXFileReference; fileEncoding = 4; lastKnownFileType = sourcecode.c.objc; path = AGTImageViewController.m; sourceTree = "<group>"; };
		DFF4DE1C1E8D906500D9C91E /* AGTImageViewController.xib */ = {isa = PBXFileReference; fileEncoding = 4; lastKnownFileType = file.xib; path = AGTImageViewController.xib; sourceTree = "<group>"; };
		DFF4DE211E8D95AF00D9C91E /* AGTImageDownloader.h */ = {isa = PBXFileReference; fileEncoding = 4; lastKnownFileType = sourcecode.c.h; path = AGTImageDownloader.h; sourceTree = "<group>"; };
		DFF4DE221E8D95AF00D9C91E /* AGTImageDownloader.m */ = {isa = PBXFileReference; fileEncoding = 4; lastKnownFileType = sourcecode.c.objc; path = AGTImageDownloader.m; sourceTree = "<group>"; };
/* End PBXFileReference section */

/* Begin PBXFrameworksBuildPhase section */
		DFF4DDFD1E8D8E5C00D9C91E /* Frameworks */ = {
			isa = PBXFrameworksBuildPhase;
			buildActionMask = 2147483647;
			files = (
			);
			runOnlyForDeploymentPostprocessing = 0;
		};
/* End PBXFrameworksBuildPhase section */

/* Begin PBXGroup section */
		DFF4DDF71E8D8E5C00D9C91E = {
			isa = PBXGroup;
			children = (
				DFF4DE021E8D8E5C00D9C91E /* Concurrencia II */,
				DFF4DE011E8D8E5C00D9C91E /* Products */,
			);
			sourceTree = "<group>";
		};
		DFF4DE011E8D8E5C00D9C91E /* Products */ = {
			isa = PBXGroup;
			children = (
				DFF4DE001E8D8E5C00D9C91E /* Concurrencia II.app */,
			);
			name = Products;
			sourceTree = "<group>";
		};
		DFF4DE021E8D8E5C00D9C91E /* Concurrencia II */ = {
			isa = PBXGroup;
			children = (
				DFF4DE061E8D8E5C00D9C91E /* AppDelegate.h */,
				DFF4DE071E8D8E5C00D9C91E /* AppDelegate.m */,
				DFF4DE0F1E8D8E5C00D9C91E /* Assets.xcassets */,
				DFF4DE111E8D8E5C00D9C91E /* LaunchScreen.storyboard */,
				DFF4DE141E8D8E5C00D9C91E /* Info.plist */,
				DFF4DE1F1E8D906900D9C91E /* Controllers */,
				DFF4DE031E8D8E5C00D9C91E /* Supporting Files */,
				DFF4DE201E8D94CF00D9C91E /* Operations */,
			);
			path = "Concurrencia II";
			sourceTree = "<group>";
		};
		DFF4DE031E8D8E5C00D9C91E /* Supporting Files */ = {
			isa = PBXGroup;
			children = (
				DFF4DE041E8D8E5C00D9C91E /* main.m */,
			);
			name = "Supporting Files";
			sourceTree = "<group>";
		};
		DFF4DE1F1E8D906900D9C91E /* Controllers */ = {
			isa = PBXGroup;
			children = (
				DFF4DE1A1E8D906500D9C91E /* AGTImageViewController.h */,
				DFF4DE1B1E8D906500D9C91E /* AGTImageViewController.m */,
				DFF4DE1C1E8D906500D9C91E /* AGTImageViewController.xib */,
			);
			name = Controllers;
			sourceTree = "<group>";
		};
		DFF4DE201E8D94CF00D9C91E /* Operations */ = {
			isa = PBXGroup;
			children = (
				DFF4DE211E8D95AF00D9C91E /* AGTImageDownloader.h */,
				DFF4DE221E8D95AF00D9C91E /* AGTImageDownloader.m */,
			);
			name = Operations;
			sourceTree = "<group>";
		};
/* End PBXGroup section */

/* Begin PBXNativeTarget section */
		DFF4DDFF1E8D8E5C00D9C91E /* Concurrencia II */ = {
			isa = PBXNativeTarget;
			buildConfigurationList = DFF4DE171E8D8E5C00D9C91E /* Build configuration list for PBXNativeTarget "Concurrencia II" */;
			buildPhases = (
				DFF4DDFC1E8D8E5C00D9C91E /* Sources */,
				DFF4DDFD1E8D8E5C00D9C91E /* Frameworks */,
				DFF4DDFE1E8D8E5C00D9C91E /* Resources */,
			);
			buildRules = (
			);
			dependencies = (
			);
			name = "Concurrencia II";
			productName = "Concurrencia II";
			productReference = DFF4DE001E8D8E5C00D9C91E /* Concurrencia II.app */;
			productType = "com.apple.product-type.application";
		};
/* End PBXNativeTarget section */

/* Begin PBXProject section */
		DFF4DDF81E8D8E5C00D9C91E /* Project object */ = {
			isa = PBXProject;
			attributes = {
				LastUpgradeCheck = 0800;
				ORGANIZATIONNAME = RHalgravez;
				TargetAttributes = {
					DFF4DDFF1E8D8E5C00D9C91E = {
						CreatedOnToolsVersion = 8.0;
						ProvisioningStyle = Automatic;
					};
				};
			};
			buildConfigurationList = DFF4DDFB1E8D8E5C00D9C91E /* Build configuration list for PBXProject "Concurrencia II" */;
			compatibilityVersion = "Xcode 3.2";
			developmentRegion = English;
			hasScannedForEncodings = 0;
			knownRegions = (
				en,
				Base,
			);
			mainGroup = DFF4DDF71E8D8E5C00D9C91E;
			productRefGroup = DFF4DE011E8D8E5C00D9C91E /* Products */;
			projectDirPath = "";
			projectRoot = "";
			targets = (
				DFF4DDFF1E8D8E5C00D9C91E /* Concurrencia II */,
			);
		};
/* End PBXProject section */

/* Begin PBXResourcesBuildPhase section */
		DFF4DDFE1E8D8E5C00D9C91E /* Resources */ = {
			isa = PBXResourcesBuildPhase;
			buildActionMask = 2147483647;
			files = (
				DFF4DE131E8D8E5C00D9C91E /* LaunchScreen.storyboard in Resources */,
				DFF4DE101E8D8E5C00D9C91E /* Assets.xcassets in Resources */,
				DFF4DE1E1E8D906500D9C91E /* AGTImageViewController.xib in Resources */,
			);
			runOnlyForDeploymentPostprocessing = 0;
		};
/* End PBXResourcesBuildPhase section */

/* Begin PBXSourcesBuildPhase section */
		DFF4DDFC1E8D8E5C00D9C91E /* Sources */ = {
			isa = PBXSourcesBuildPhase;
			buildActionMask = 2147483647;
			files = (
				DFF4DE1D1E8D906500D9C91E /* AGTImageViewController.m in Sources */,
				DFF4DE231E8D95AF00D9C91E /* AGTImageDownloader.m in Sources */,
				DFF4DE081E8D8E5C00D9C91E /* AppDelegate.m in Sources */,
				DFF4DE051E8D8E5C00D9C91E /* main.m in Sources */,
			);
			runOnlyForDeploymentPostprocessing = 0;
		};
/* End PBXSourcesBuildPhase section */

/* Begin PBXVariantGroup section */
		DFF4DE111E8D8E5C00D9C91E /* LaunchScreen.storyboard */ = {
			isa = PBXVariantGroup;
			children = (
				DFF4DE121E8D8E5C00D9C91E /* Base */,
			);
			name = LaunchScreen.storyboard;
			sourceTree = "<group>";
		};
/* End PBXVariantGroup section */

/* Begin XCBuildConfiguration section */
		DFF4DE151E8D8E5C00D9C91E /* Debug */ = {
			isa = XCBuildConfiguration;
			buildSettings = {
				ALWAYS_SEARCH_USER_PATHS = NO;
				CLANG_ANALYZER_NONNULL = YES;
				CLANG_CXX_LANGUAGE_STANDARD = "gnu++0x";
				CLANG_CXX_LIBRARY = "libc++";
				CLANG_ENABLE_MODULES = YES;
				CLANG_ENABLE_OBJC_ARC = YES;
				CLANG_WARN_BOOL_CONVERSION = YES;
				CLANG_WARN_CONSTANT_CONVERSION = YES;
				CLANG_WARN_DIRECT_OBJC_ISA_USAGE = YES_ERROR;
				CLANG_WARN_DOCUMENTATION_COMMENTS = YES;
				CLANG_WARN_EMPTY_BODY = YES;
				CLANG_WARN_ENUM_CONVERSION = YES;
				CLANG_WARN_INFINITE_RECURSION = YES;
				CLANG_WARN_INT_CONVERSION = YES;
				CLANG_WARN_OBJC_ROOT_CLASS = YES_ERROR;
				CLANG_WARN_SUSPICIOUS_MOVES = YES;
				CLANG_WARN_UNREACHABLE_CODE = YES;
				CLANG_WARN__DUPLICATE_METHOD_MATCH = YES;
				"CODE_SIGN_IDENTITY[sdk=iphoneos*]" = "iPhone Developer";
				COPY_PHASE_STRIP = NO;
				DEBUG_INFORMATION_FORMAT = dwarf;
				ENABLE_STRICT_OBJC_MSGSEND = YES;
				ENABLE_TESTABILITY = YES;
				GCC_C_LANGUAGE_STANDARD = gnu99;
				GCC_DYNAMIC_NO_PIC = NO;
				GCC_NO_COMMON_BLOCKS = YES;
				GCC_OPTIMIZATION_LEVEL = 0;
				GCC_PREPROCESSOR_DEFINITIONS = (
					"DEBUG=1",
					"$(inherited)",
				);
				GCC_WARN_64_TO_32_BIT_CONVERSION = YES;
				GCC_WARN_ABOUT_RETURN_TYPE = YES_ERROR;
				GCC_WARN_UNDECLARED_SELECTOR = YES;
				GCC_WARN_UNINITIALIZED_AUTOS = YES_AGGRESSIVE;
				GCC_WARN_UNUSED_FUNCTION = YES;
				GCC_WARN_UNUSED_VARIABLE = YES;
				IPHONEOS_DEPLOYMENT_TARGET = 10.0;
				MTL_ENABLE_DEBUG_INFO = YES;
				ONLY_ACTIVE_ARCH = YES;
				SDKROOT = iphoneos;
			};
			name = Debug;
		};
		DFF4DE161E8D8E5C00D9C91E /* Release */ = {
			isa = XCBuildConfiguration;
			buildSettings = {
				ALWAYS_SEARCH_USER_PATHS = NO;
				CLANG_ANALYZER_NONNULL = YES;
				CLANG_CXX_LANGUAGE_STANDARD = "gnu++0x";
				CLANG_CXX_LIBRARY = "libc++";
				CLANG_ENABLE_MODULES = YES;
				CLANG_ENABLE_OBJC_ARC = YES;
				CLANG_WARN_BOOL_CONVERSION = YES;
				CLANG_WARN_CONSTANT_CONVERSION = YES;
				CLANG_WARN_DIRECT_OBJC_ISA_USAGE = YES_ERROR;
				CLANG_WARN_DOCUMENTATION_COMMENTS = YES;
				CLANG_WARN_EMPTY_BODY = YES;
				CLANG_WARN_ENUM_CONVERSION = YES;
				CLANG_WARN_INFINITE_RECURSION = YES;
				CLANG_WARN_INT_CONVERSION = YES;
				CLANG_WARN_OBJC_ROOT_CLASS = YES_ERROR;
				CLANG_WARN_SUSPICIOUS_MOVES = YES;
				CLANG_WARN_UNREACHABLE_CODE = YES;
				CLANG_WARN__DUPLICATE_METHOD_MATCH = YES;
				"CODE_SIGN_IDENTITY[sdk=iphoneos*]" = "iPhone Developer";
				COPY_PHASE_STRIP = NO;
				DEBUG_INFORMATION_FORMAT = "dwarf-with-dsym";
				ENABLE_NS_ASSERTIONS = NO;
				ENABLE_STRICT_OBJC_MSGSEND = YES;
				GCC_C_LANGUAGE_STANDARD = gnu99;
				GCC_NO_COMMON_BLOCKS = YES;
				GCC_WARN_64_TO_32_BIT_CONVERSION = YES;
				GCC_WARN_ABOUT_RETURN_TYPE = YES_ERROR;
				GCC_WARN_UNDECLARED_SELECTOR = YES;
				GCC_WARN_UNINITIALIZED_AUTOS = YES_AGGRESSIVE;
				GCC_WARN_UNUSED_FUNCTION = YES;
				GCC_WARN_UNUSED_VARIABLE = YES;
				IPHONEOS_DEPLOYMENT_TARGET = 10.0;
				MTL_ENABLE_DEBUG_INFO = NO;
				SDKROOT = iphoneos;
				VALIDATE_PRODUCT = YES;
			};
			name = Release;
		};
		DFF4DE181E8D8E5C00D9C91E /* Debug */ = {
			isa = XCBuildConfiguration;
			buildSettings = {
				ASSETCATALOG_COMPILER_APPICON_NAME = AppIcon;
				INFOPLIST_FILE = "Concurrencia II/Info.plist";
				LD_RUNPATH_SEARCH_PATHS = "$(inherited) @executable_path/Frameworks";
				PRODUCT_BUNDLE_IDENTIFIER = "com.rhalgravez.Concurrencia-II";
				PRODUCT_NAME = "$(TARGET_NAME)";
			};
			name = Debug;
		};
		DFF4DE191E8D8E5C00D9C91E /* Release */ = {
			isa = XCBuildConfiguration;
			buildSettings = {
				ASSETCATALOG_COMPILER_APPICON_NAME = AppIcon;
				INFOPLIST_FILE = "Concurrencia II/Info.plist";
				LD_RUNPATH_SEARCH_PATHS = "$(inherited) @executable_path/Frameworks";
				PRODUCT_BUNDLE_IDENTIFIER = "com.rhalgravez.Concurrencia-II";
				PRODUCT_NAME = "$(TARGET_NAME)";
			};
			name = Release;
		};
/* End XCBuildConfiguration section */

/* Begin XCConfigurationList section */
		DFF4DDFB1E8D8E5C00D9C91E /* Build configuration list for PBXProject "Concurrencia II" */ = {
			isa = XCConfigurationList;
			buildConfigurations = (
				DFF4DE151E8D8E5C00D9C91E /* Debug */,
				DFF4DE161E8D8E5C00D9C91E /* Release */,
			);
			defaultConfigurationIsVisible = 0;
			defaultConfigurationName = Release;
		};
		DFF4DE171E8D8E5C00D9C91E /* Build configuration list for PBXNativeTarget "Concurrencia II" */ = {
			isa = XCConfigurationList;
			buildConfigurations = (
				DFF4DE181E8D8E5C00D9C91E /* Debug */,
				DFF4DE191E8D8E5C00D9C91E /* Release */,
			);
			defaultConfigurationIsVisible = 0;
		};
/* End XCConfigurationList section */
	};
	rootObject = DFF4DDF81E8D8E5C00D9C91E /* Project object */;
}
